// !$*UTF8*$!
{
	archiveVersion = 1;
	classes = {
	};
	objectVersion = 56;
	objects = {

/* Begin PBXBuildFile section */
		BC1F6C8F2B0449AF00B05B2C /* MapContainerView.swift in Sources */ = {isa = PBXBuildFile; fileRef = BC1F6C8E2B0449AF00B05B2C /* MapContainerView.swift */; };
		BC1F6C912B044B7300B05B2C /* CLLocationCoordinate2D.swift in Sources */ = {isa = PBXBuildFile; fileRef = BC1F6C902B044B7300B05B2C /* CLLocationCoordinate2D.swift */; };
		BC3502602ABB8448001D0D95 /* OrderHistoryView.swift in Sources */ = {isa = PBXBuildFile; fileRef = BC35025F2ABB8448001D0D95 /* OrderHistoryView.swift */; };
		BC46CB8C2B053C97002E4544 /* MKCoordinateRegion.swift in Sources */ = {isa = PBXBuildFile; fileRef = BC46CB8B2B053C97002E4544 /* MKCoordinateRegion.swift */; };
		BC6FEBC52B099475002AAC3C /* CircleButton.swift in Sources */ = {isa = PBXBuildFile; fileRef = BC6FEBC42B099475002AAC3C /* CircleButton.swift */; };
		BC6FEBC72B09BB1A002AAC3C /* LocationModel.swift in Sources */ = {isa = PBXBuildFile; fileRef = BC6FEBC62B09BB1A002AAC3C /* LocationModel.swift */; };
		BC70820E2B13DFB40045D1C1 /* MapDemoView.swift in Sources */ = {isa = PBXBuildFile; fileRef = BC70820D2B13DFB40045D1C1 /* MapDemoView.swift */; };
		BC8E9B772AC100AD00695DC4 /* HistoryTip.swift in Sources */ = {isa = PBXBuildFile; fileRef = BC8E9B762AC100AD00695DC4 /* HistoryTip.swift */; };
		BC9306692ABCF4190095317F /* OrdersManager.swift in Sources */ = {isa = PBXBuildFile; fileRef = BC9306682ABCF4190095317F /* OrdersManager.swift */; };
		BC93066B2ABCF6A90095317F /* Router.swift in Sources */ = {isa = PBXBuildFile; fileRef = BC93066A2ABCF6A90095317F /* Router.swift */; };
		BC93066D2ABCFD2B0095317F /* Notification+Utils.swift in Sources */ = {isa = PBXBuildFile; fileRef = BC93066C2ABCFD2B0095317F /* Notification+Utils.swift */; };
		BC940B1F2A69F2DA00D2C6B0 /* LiveActivityManager.swift in Sources */ = {isa = PBXBuildFile; fileRef = BC940B1E2A69F2DA00D2C6B0 /* LiveActivityManager.swift */; };
		BC940B212A69F33500D2C6B0 /* OrderAttributes.swift in Sources */ = {isa = PBXBuildFile; fileRef = BC940B202A69F33500D2C6B0 /* OrderAttributes.swift */; };
		BC940B222A69F36700D2C6B0 /* OrderAttributes.swift in Sources */ = {isa = PBXBuildFile; fileRef = BC940B202A69F33500D2C6B0 /* OrderAttributes.swift */; };
		BC940B262A69FEBA00D2C6B0 /* AppDelegate.swift in Sources */ = {isa = PBXBuildFile; fileRef = BC940B252A69FEBA00D2C6B0 /* AppDelegate.swift */; };
		BCA574FA2A5CCFBD0029ECB1 /* WidgetKit.framework in Frameworks */ = {isa = PBXBuildFile; fileRef = BCA574F92A5CCFBD0029ECB1 /* WidgetKit.framework */; };
		BCA574FC2A5CCFBD0029ECB1 /* SwiftUI.framework in Frameworks */ = {isa = PBXBuildFile; fileRef = BCA574FB2A5CCFBD0029ECB1 /* SwiftUI.framework */; };
		BCA574FF2A5CCFBD0029ECB1 /* CoffeeShopWidgetBundle.swift in Sources */ = {isa = PBXBuildFile; fileRef = BCA574FE2A5CCFBD0029ECB1 /* CoffeeShopWidgetBundle.swift */; };
		BCA575012A5CCFBD0029ECB1 /* CoffeeShopWidgetLiveActivity.swift in Sources */ = {isa = PBXBuildFile; fileRef = BCA575002A5CCFBD0029ECB1 /* CoffeeShopWidgetLiveActivity.swift */; };
		BCA575052A5CCFBF0029ECB1 /* Assets.xcassets in Resources */ = {isa = PBXBuildFile; fileRef = BCA575042A5CCFBF0029ECB1 /* Assets.xcassets */; };
		BCA575092A5CCFBF0029ECB1 /* Coffee Shop WidgetExtension.appex in Embed Foundation Extensions */ = {isa = PBXBuildFile; fileRef = BCA574F72A5CCFBD0029ECB1 /* Coffee Shop WidgetExtension.appex */; settings = {ATTRIBUTES = (RemoveHeadersOnCopy, ); }; };
		BCB63BFD2A4B94AA0045B17E /* Assets.xcassets in Resources */ = {isa = PBXBuildFile; fileRef = BCB63BF02A4B94AA0045B17E /* Assets.xcassets */; };
		BCB63BFE2A4B94AA0045B17E /* CustomButton.swift in Sources */ = {isa = PBXBuildFile; fileRef = BCB63BF22A4B94AA0045B17E /* CustomButton.swift */; };
		BCB63BFF2A4B94AA0045B17E /* Order.swift in Sources */ = {isa = PBXBuildFile; fileRef = BCB63BF42A4B94AA0045B17E /* Order.swift */; };
		BCB63C002A4B94AA0045B17E /* Coffee.swift in Sources */ = {isa = PBXBuildFile; fileRef = BCB63BF52A4B94AA0045B17E /* Coffee.swift */; };
		BCB63C012A4B94AA0045B17E /* Preview Assets.xcassets in Resources */ = {isa = PBXBuildFile; fileRef = BCB63BF72A4B94AA0045B17E /* Preview Assets.xcassets */; };
		BCB63C022A4B94AA0045B17E /* CoffeeShopDemoApp.swift in Sources */ = {isa = PBXBuildFile; fileRef = BCB63BF82A4B94AA0045B17E /* CoffeeShopDemoApp.swift */; };
		BCB63C032A4B94AA0045B17E /* HomeView.swift in Sources */ = {isa = PBXBuildFile; fileRef = BCB63BFA2A4B94AA0045B17E /* HomeView.swift */; };
		BCB63C052A4B94AA0045B17E /* OrderConfirmationView.swift in Sources */ = {isa = PBXBuildFile; fileRef = BCB63BFC2A4B94AA0045B17E /* OrderConfirmationView.swift */; };
		BCB63C072A4B99DF0045B17E /* Localizable.xcstrings in Resources */ = {isa = PBXBuildFile; fileRef = BCB63C062A4B99DF0045B17E /* Localizable.xcstrings */; };
		BCC779E42A4E4E4300F5539F /* Food.swift in Sources */ = {isa = PBXBuildFile; fileRef = BCC779E32A4E4E4300F5539F /* Food.swift */; };
		BCC779E62A4E4F0300F5539F /* MenuItem.swift in Sources */ = {isa = PBXBuildFile; fileRef = BCC779E52A4E4F0300F5539F /* MenuItem.swift */; };
		BCCD010A2AC0DAE700041327 /* ContainerView.swift in Sources */ = {isa = PBXBuildFile; fileRef = BCCD01092AC0DAE700041327 /* ContainerView.swift */; };
		BCF37BA52A5217010098F557 /* MenuDetailsView.swift in Sources */ = {isa = PBXBuildFile; fileRef = BCF37BA42A5217010098F557 /* MenuDetailsView.swift */; };
/* End PBXBuildFile section */

/* Begin PBXContainerItemProxy section */
		BCA575072A5CCFBF0029ECB1 /* PBXContainerItemProxy */ = {
			isa = PBXContainerItemProxy;
			containerPortal = BC6C772A2A48DAE80012E96F /* Project object */;
			proxyType = 1;
			remoteGlobalIDString = BCA574F62A5CCFBD0029ECB1;
			remoteInfo = "Coffee Shop WidgetExtension";
		};
/* End PBXContainerItemProxy section */

/* Begin PBXCopyFilesBuildPhase section */
		BCA5750D2A5CCFBF0029ECB1 /* Embed Foundation Extensions */ = {
			isa = PBXCopyFilesBuildPhase;
			buildActionMask = 2147483647;
			dstPath = "";
			dstSubfolderSpec = 13;
			files = (
				BCA575092A5CCFBF0029ECB1 /* Coffee Shop WidgetExtension.appex in Embed Foundation Extensions */,
			);
			name = "Embed Foundation Extensions";
			runOnlyForDeploymentPostprocessing = 0;
		};
/* End PBXCopyFilesBuildPhase section */

/* Begin PBXFileReference section */
		BC1F6C8E2B0449AF00B05B2C /* MapContainerView.swift */ = {isa = PBXFileReference; lastKnownFileType = sourcecode.swift; path = MapContainerView.swift; sourceTree = "<group>"; };
		BC1F6C902B044B7300B05B2C /* CLLocationCoordinate2D.swift */ = {isa = PBXFileReference; lastKnownFileType = sourcecode.swift; path = CLLocationCoordinate2D.swift; sourceTree = "<group>"; };
		BC35025F2ABB8448001D0D95 /* OrderHistoryView.swift */ = {isa = PBXFileReference; lastKnownFileType = sourcecode.swift; path = OrderHistoryView.swift; sourceTree = "<group>"; };
		BC46CB8B2B053C97002E4544 /* MKCoordinateRegion.swift */ = {isa = PBXFileReference; lastKnownFileType = sourcecode.swift; path = MKCoordinateRegion.swift; sourceTree = "<group>"; };
		BC6C77322A48DAE80012E96F /* Coffee Shop App.app */ = {isa = PBXFileReference; explicitFileType = wrapper.application; includeInIndex = 0; path = "Coffee Shop App.app"; sourceTree = BUILT_PRODUCTS_DIR; };
		BC6FEBC42B099475002AAC3C /* CircleButton.swift */ = {isa = PBXFileReference; lastKnownFileType = sourcecode.swift; path = CircleButton.swift; sourceTree = "<group>"; };
		BC6FEBC62B09BB1A002AAC3C /* LocationModel.swift */ = {isa = PBXFileReference; lastKnownFileType = sourcecode.swift; path = LocationModel.swift; sourceTree = "<group>"; };
		BC70820D2B13DFB40045D1C1 /* MapDemoView.swift */ = {isa = PBXFileReference; lastKnownFileType = sourcecode.swift; path = MapDemoView.swift; sourceTree = "<group>"; };
		BC8E9B762AC100AD00695DC4 /* HistoryTip.swift */ = {isa = PBXFileReference; lastKnownFileType = sourcecode.swift; path = HistoryTip.swift; sourceTree = "<group>"; };
		BC9306682ABCF4190095317F /* OrdersManager.swift */ = {isa = PBXFileReference; lastKnownFileType = sourcecode.swift; path = OrdersManager.swift; sourceTree = "<group>"; };
		BC93066A2ABCF6A90095317F /* Router.swift */ = {isa = PBXFileReference; lastKnownFileType = sourcecode.swift; path = Router.swift; sourceTree = "<group>"; };
		BC93066C2ABCFD2B0095317F /* Notification+Utils.swift */ = {isa = PBXFileReference; lastKnownFileType = sourcecode.swift; path = "Notification+Utils.swift"; sourceTree = "<group>"; };
		BC940B1E2A69F2DA00D2C6B0 /* LiveActivityManager.swift */ = {isa = PBXFileReference; lastKnownFileType = sourcecode.swift; path = LiveActivityManager.swift; sourceTree = "<group>"; };
		BC940B202A69F33500D2C6B0 /* OrderAttributes.swift */ = {isa = PBXFileReference; lastKnownFileType = sourcecode.swift; path = OrderAttributes.swift; sourceTree = "<group>"; };
		BC940B232A69F77000D2C6B0 /* Info.plist */ = {isa = PBXFileReference; lastKnownFileType = text.plist.xml; path = Info.plist; sourceTree = "<group>"; };
		BC940B252A69FEBA00D2C6B0 /* AppDelegate.swift */ = {isa = PBXFileReference; lastKnownFileType = sourcecode.swift; path = AppDelegate.swift; sourceTree = "<group>"; };
		BCA574F72A5CCFBD0029ECB1 /* Coffee Shop WidgetExtension.appex */ = {isa = PBXFileReference; explicitFileType = "wrapper.app-extension"; includeInIndex = 0; path = "Coffee Shop WidgetExtension.appex"; sourceTree = BUILT_PRODUCTS_DIR; };
		BCA574F92A5CCFBD0029ECB1 /* WidgetKit.framework */ = {isa = PBXFileReference; lastKnownFileType = wrapper.framework; name = WidgetKit.framework; path = System/Library/Frameworks/WidgetKit.framework; sourceTree = SDKROOT; };
		BCA574FB2A5CCFBD0029ECB1 /* SwiftUI.framework */ = {isa = PBXFileReference; lastKnownFileType = wrapper.framework; name = SwiftUI.framework; path = System/Library/Frameworks/SwiftUI.framework; sourceTree = SDKROOT; };
		BCA574FE2A5CCFBD0029ECB1 /* CoffeeShopWidgetBundle.swift */ = {isa = PBXFileReference; lastKnownFileType = sourcecode.swift; path = CoffeeShopWidgetBundle.swift; sourceTree = "<group>"; };
		BCA575002A5CCFBD0029ECB1 /* CoffeeShopWidgetLiveActivity.swift */ = {isa = PBXFileReference; lastKnownFileType = sourcecode.swift; path = CoffeeShopWidgetLiveActivity.swift; sourceTree = "<group>"; };
		BCA575042A5CCFBF0029ECB1 /* Assets.xcassets */ = {isa = PBXFileReference; lastKnownFileType = folder.assetcatalog; path = Assets.xcassets; sourceTree = "<group>"; };
		BCA575062A5CCFBF0029ECB1 /* Info.plist */ = {isa = PBXFileReference; lastKnownFileType = text.plist.xml; path = Info.plist; sourceTree = "<group>"; };
		BCB63BF02A4B94AA0045B17E /* Assets.xcassets */ = {isa = PBXFileReference; lastKnownFileType = folder.assetcatalog; path = Assets.xcassets; sourceTree = "<group>"; };
		BCB63BF22A4B94AA0045B17E /* CustomButton.swift */ = {isa = PBXFileReference; fileEncoding = 4; lastKnownFileType = sourcecode.swift; path = CustomButton.swift; sourceTree = "<group>"; };
		BCB63BF42A4B94AA0045B17E /* Order.swift */ = {isa = PBXFileReference; fileEncoding = 4; lastKnownFileType = sourcecode.swift; path = Order.swift; sourceTree = "<group>"; };
		BCB63BF52A4B94AA0045B17E /* Coffee.swift */ = {isa = PBXFileReference; fileEncoding = 4; lastKnownFileType = sourcecode.swift; path = Coffee.swift; sourceTree = "<group>"; };
		BCB63BF72A4B94AA0045B17E /* Preview Assets.xcassets */ = {isa = PBXFileReference; lastKnownFileType = folder.assetcatalog; path = "Preview Assets.xcassets"; sourceTree = "<group>"; };
		BCB63BF82A4B94AA0045B17E /* CoffeeShopDemoApp.swift */ = {isa = PBXFileReference; fileEncoding = 4; lastKnownFileType = sourcecode.swift; path = CoffeeShopDemoApp.swift; sourceTree = "<group>"; };
		BCB63BFA2A4B94AA0045B17E /* HomeView.swift */ = {isa = PBXFileReference; fileEncoding = 4; lastKnownFileType = sourcecode.swift; path = HomeView.swift; sourceTree = "<group>"; };
		BCB63BFC2A4B94AA0045B17E /* OrderConfirmationView.swift */ = {isa = PBXFileReference; fileEncoding = 4; lastKnownFileType = sourcecode.swift; path = OrderConfirmationView.swift; sourceTree = "<group>"; };
		BCB63C062A4B99DF0045B17E /* Localizable.xcstrings */ = {isa = PBXFileReference; lastKnownFileType = text.json.xcstrings; path = Localizable.xcstrings; sourceTree = "<group>"; };
		BCC779E32A4E4E4300F5539F /* Food.swift */ = {isa = PBXFileReference; lastKnownFileType = sourcecode.swift; path = Food.swift; sourceTree = "<group>"; };
		BCC779E52A4E4F0300F5539F /* MenuItem.swift */ = {isa = PBXFileReference; lastKnownFileType = sourcecode.swift; path = MenuItem.swift; sourceTree = "<group>"; };
		BCCD01092AC0DAE700041327 /* ContainerView.swift */ = {isa = PBXFileReference; lastKnownFileType = sourcecode.swift; path = ContainerView.swift; sourceTree = "<group>"; };
		BCF37BA42A5217010098F557 /* MenuDetailsView.swift */ = {isa = PBXFileReference; lastKnownFileType = sourcecode.swift; path = MenuDetailsView.swift; sourceTree = "<group>"; };
/* End PBXFileReference section */

/* Begin PBXFrameworksBuildPhase section */
		BC6C772F2A48DAE80012E96F /* Frameworks */ = {
			isa = PBXFrameworksBuildPhase;
			buildActionMask = 2147483647;
			files = (
			);
			runOnlyForDeploymentPostprocessing = 0;
		};
		BCA574F42A5CCFBD0029ECB1 /* Frameworks */ = {
			isa = PBXFrameworksBuildPhase;
			buildActionMask = 2147483647;
			files = (
				BCA574FC2A5CCFBD0029ECB1 /* SwiftUI.framework in Frameworks */,
				BCA574FA2A5CCFBD0029ECB1 /* WidgetKit.framework in Frameworks */,
			);
			runOnlyForDeploymentPostprocessing = 0;
		};
/* End PBXFrameworksBuildPhase section */

/* Begin PBXGroup section */
		BC6C77292A48DAE80012E96F = {
			isa = PBXGroup;
			children = (
				BCB63BEF2A4B94AA0045B17E /* CoffeeShopDemo */,
				BCA574FD2A5CCFBD0029ECB1 /* Coffee Shop Widget */,
				BCA574F82A5CCFBD0029ECB1 /* Frameworks */,
				BC6C77332A48DAE80012E96F /* Products */,
			);
			sourceTree = "<group>";
		};
		BC6C77332A48DAE80012E96F /* Products */ = {
			isa = PBXGroup;
			children = (
				BC6C77322A48DAE80012E96F /* Coffee Shop App.app */,
				BCA574F72A5CCFBD0029ECB1 /* Coffee Shop WidgetExtension.appex */,
			);
			name = Products;
			sourceTree = "<group>";
		};
		BC6FEBC32B09945A002AAC3C /* UI */ = {
			isa = PBXGroup;
			children = (
				BCB63BF22A4B94AA0045B17E /* CustomButton.swift */,
				BC6FEBC42B099475002AAC3C /* CircleButton.swift */,
			);
			path = UI;
			sourceTree = "<group>";
		};
		BC8E9B752AC1009B00695DC4 /* Tips */ = {
			isa = PBXGroup;
			children = (
				BC8E9B762AC100AD00695DC4 /* HistoryTip.swift */,
			);
			path = Tips;
			sourceTree = "<group>";
		};
		BC940B1D2A69F2CB00D2C6B0 /* Managers */ = {
			isa = PBXGroup;
			children = (
				BC940B1E2A69F2DA00D2C6B0 /* LiveActivityManager.swift */,
				BC9306682ABCF4190095317F /* OrdersManager.swift */,
			);
			path = Managers;
			sourceTree = "<group>";
		};
		BCA574F82A5CCFBD0029ECB1 /* Frameworks */ = {
			isa = PBXGroup;
			children = (
				BCA574F92A5CCFBD0029ECB1 /* WidgetKit.framework */,
				BCA574FB2A5CCFBD0029ECB1 /* SwiftUI.framework */,
			);
			name = Frameworks;
			sourceTree = "<group>";
		};
		BCA574FD2A5CCFBD0029ECB1 /* Coffee Shop Widget */ = {
			isa = PBXGroup;
			children = (
				BCA574FE2A5CCFBD0029ECB1 /* CoffeeShopWidgetBundle.swift */,
				BCA575002A5CCFBD0029ECB1 /* CoffeeShopWidgetLiveActivity.swift */,
				BCA575042A5CCFBF0029ECB1 /* Assets.xcassets */,
				BCA575062A5CCFBF0029ECB1 /* Info.plist */,
			);
			path = "Coffee Shop Widget";
			sourceTree = "<group>";
		};
		BCB63BEF2A4B94AA0045B17E /* CoffeeShopDemo */ = {
			isa = PBXGroup;
			children = (
				BCB63BF82A4B94AA0045B17E /* CoffeeShopDemoApp.swift */,
				BC940B252A69FEBA00D2C6B0 /* AppDelegate.swift */,
				BCB63BF92A4B94AA0045B17E /* Views */,
				BCB63BF32A4B94AA0045B17E /* Models */,
				BC940B1D2A69F2CB00D2C6B0 /* Managers */,
				BC8E9B752AC1009B00695DC4 /* Tips */,
				BCB63C082A4B9A0C0045B17E /* Resources */,
				BCB63BF12A4B94AA0045B17E /* Utils */,
				BCB63BF62A4B94AA0045B17E /* Preview Content */,
			);
			path = CoffeeShopDemo;
			sourceTree = "<group>";
		};
		BCB63BF12A4B94AA0045B17E /* Utils */ = {
			isa = PBXGroup;
			children = (
				BC6FEBC32B09945A002AAC3C /* UI */,
				BC93066A2ABCF6A90095317F /* Router.swift */,
				BC93066C2ABCFD2B0095317F /* Notification+Utils.swift */,
				BC1F6C902B044B7300B05B2C /* CLLocationCoordinate2D.swift */,
				BC46CB8B2B053C97002E4544 /* MKCoordinateRegion.swift */,
			);
			path = Utils;
			sourceTree = "<group>";
		};
		BCB63BF32A4B94AA0045B17E /* Models */ = {
			isa = PBXGroup;
			children = (
				BCB63BF42A4B94AA0045B17E /* Order.swift */,
				BCB63BF52A4B94AA0045B17E /* Coffee.swift */,
				BCC779E32A4E4E4300F5539F /* Food.swift */,
				BCC779E52A4E4F0300F5539F /* MenuItem.swift */,
				BC940B202A69F33500D2C6B0 /* OrderAttributes.swift */,
				BC6FEBC62B09BB1A002AAC3C /* LocationModel.swift */,
			);
			path = Models;
			sourceTree = "<group>";
		};
		BCB63BF62A4B94AA0045B17E /* Preview Content */ = {
			isa = PBXGroup;
			children = (
				BCB63BF72A4B94AA0045B17E /* Preview Assets.xcassets */,
			);
			path = "Preview Content";
			sourceTree = "<group>";
		};
		BCB63BF92A4B94AA0045B17E /* Views */ = {
			isa = PBXGroup;
			children = (
				BCB63BFA2A4B94AA0045B17E /* HomeView.swift */,
				BCB63BFC2A4B94AA0045B17E /* OrderConfirmationView.swift */,
				BCF37BA42A5217010098F557 /* MenuDetailsView.swift */,
				BC35025F2ABB8448001D0D95 /* OrderHistoryView.swift */,
				BCCD01092AC0DAE700041327 /* ContainerView.swift */,
				BC1F6C8E2B0449AF00B05B2C /* MapContainerView.swift */,
				BC70820D2B13DFB40045D1C1 /* MapDemoView.swift */,
			);
			path = Views;
			sourceTree = "<group>";
		};
		BCB63C082A4B9A0C0045B17E /* Resources */ = {
			isa = PBXGroup;
			children = (
				BCB63BF02A4B94AA0045B17E /* Assets.xcassets */,
				BCB63C062A4B99DF0045B17E /* Localizable.xcstrings */,
				BC940B232A69F77000D2C6B0 /* Info.plist */,
			);
			path = Resources;
			sourceTree = "<group>";
		};
/* End PBXGroup section */

/* Begin PBXNativeTarget section */
		BC6C77312A48DAE80012E96F /* Coffee Shop App */ = {
			isa = PBXNativeTarget;
			buildConfigurationList = BC6C77402A48DAE90012E96F /* Build configuration list for PBXNativeTarget "Coffee Shop App" */;
			buildPhases = (
				BC6C772E2A48DAE80012E96F /* Sources */,
				BC6C772F2A48DAE80012E96F /* Frameworks */,
				BC6C77302A48DAE80012E96F /* Resources */,
				BCA5750D2A5CCFBF0029ECB1 /* Embed Foundation Extensions */,
			);
			buildRules = (
			);
			dependencies = (
				BCA575082A5CCFBF0029ECB1 /* PBXTargetDependency */,
			);
			name = "Coffee Shop App";
			productName = "automatic-grammar-agreement-demo";
			productReference = BC6C77322A48DAE80012E96F /* Coffee Shop App.app */;
			productType = "com.apple.product-type.application";
		};
		BCA574F62A5CCFBD0029ECB1 /* Coffee Shop WidgetExtension */ = {
			isa = PBXNativeTarget;
			buildConfigurationList = BCA5750A2A5CCFBF0029ECB1 /* Build configuration list for PBXNativeTarget "Coffee Shop WidgetExtension" */;
			buildPhases = (
				BCA574F32A5CCFBD0029ECB1 /* Sources */,
				BCA574F42A5CCFBD0029ECB1 /* Frameworks */,
				BCA574F52A5CCFBD0029ECB1 /* Resources */,
			);
			buildRules = (
			);
			dependencies = (
			);
			name = "Coffee Shop WidgetExtension";
			productName = "Coffee Shop WidgetExtension";
			productReference = BCA574F72A5CCFBD0029ECB1 /* Coffee Shop WidgetExtension.appex */;
			productType = "com.apple.product-type.app-extension";
		};
/* End PBXNativeTarget section */

/* Begin PBXProject section */
		BC6C772A2A48DAE80012E96F /* Project object */ = {
			isa = PBXProject;
			attributes = {
				BuildIndependentTargetsInParallel = 1;
				LastSwiftUpdateCheck = 1500;
				LastUpgradeCheck = 1500;
				TargetAttributes = {
					BC6C77312A48DAE80012E96F = {
						CreatedOnToolsVersion = 15.0;
					};
					BCA574F62A5CCFBD0029ECB1 = {
						CreatedOnToolsVersion = 15.0;
					};
				};
			};
			buildConfigurationList = BC6C772D2A48DAE80012E96F /* Build configuration list for PBXProject "coffee-shop-demo" */;
			compatibilityVersion = "Xcode 14.0";
			developmentRegion = en;
			hasScannedForEncodings = 0;
			knownRegions = (
				en,
				Base,
				es,
			);
			mainGroup = BC6C77292A48DAE80012E96F;
			productRefGroup = BC6C77332A48DAE80012E96F /* Products */;
			projectDirPath = "";
			projectRoot = "";
			targets = (
				BC6C77312A48DAE80012E96F /* Coffee Shop App */,
				BCA574F62A5CCFBD0029ECB1 /* Coffee Shop WidgetExtension */,
			);
		};
/* End PBXProject section */

/* Begin PBXResourcesBuildPhase section */
		BC6C77302A48DAE80012E96F /* Resources */ = {
			isa = PBXResourcesBuildPhase;
			buildActionMask = 2147483647;
			files = (
				BCB63C012A4B94AA0045B17E /* Preview Assets.xcassets in Resources */,
				BCB63BFD2A4B94AA0045B17E /* Assets.xcassets in Resources */,
				BCB63C072A4B99DF0045B17E /* Localizable.xcstrings in Resources */,
			);
			runOnlyForDeploymentPostprocessing = 0;
		};
		BCA574F52A5CCFBD0029ECB1 /* Resources */ = {
			isa = PBXResourcesBuildPhase;
			buildActionMask = 2147483647;
			files = (
				BCA575052A5CCFBF0029ECB1 /* Assets.xcassets in Resources */,
			);
			runOnlyForDeploymentPostprocessing = 0;
		};
/* End PBXResourcesBuildPhase section */

/* Begin PBXSourcesBuildPhase section */
		BC6C772E2A48DAE80012E96F /* Sources */ = {
			isa = PBXSourcesBuildPhase;
			buildActionMask = 2147483647;
			files = (
				BCB63C052A4B94AA0045B17E /* OrderConfirmationView.swift in Sources */,
				BCB63BFF2A4B94AA0045B17E /* Order.swift in Sources */,
				BC940B212A69F33500D2C6B0 /* OrderAttributes.swift in Sources */,
				BC6FEBC72B09BB1A002AAC3C /* LocationModel.swift in Sources */,
				BCB63BFE2A4B94AA0045B17E /* CustomButton.swift in Sources */,
				BCB63C002A4B94AA0045B17E /* Coffee.swift in Sources */,
				BC940B1F2A69F2DA00D2C6B0 /* LiveActivityManager.swift in Sources */,
				BC93066D2ABCFD2B0095317F /* Notification+Utils.swift in Sources */,
				BCF37BA52A5217010098F557 /* MenuDetailsView.swift in Sources */,
				BC93066B2ABCF6A90095317F /* Router.swift in Sources */,
				BC70820E2B13DFB40045D1C1 /* MapDemoView.swift in Sources */,
				BC1F6C8F2B0449AF00B05B2C /* MapContainerView.swift in Sources */,
				BCCD010A2AC0DAE700041327 /* ContainerView.swift in Sources */,
				BC8E9B772AC100AD00695DC4 /* HistoryTip.swift in Sources */,
				BC940B262A69FEBA00D2C6B0 /* AppDelegate.swift in Sources */,
				BC1F6C912B044B7300B05B2C /* CLLocationCoordinate2D.swift in Sources */,
				BC46CB8C2B053C97002E4544 /* MKCoordinateRegion.swift in Sources */,
				BC9306692ABCF4190095317F /* OrdersManager.swift in Sources */,
				BCC779E42A4E4E4300F5539F /* Food.swift in Sources */,
				BC6FEBC52B099475002AAC3C /* CircleButton.swift in Sources */,
				BCC779E62A4E4F0300F5539F /* MenuItem.swift in Sources */,
				BCB63C032A4B94AA0045B17E /* HomeView.swift in Sources */,
				BC3502602ABB8448001D0D95 /* OrderHistoryView.swift in Sources */,
				BCB63C022A4B94AA0045B17E /* CoffeeShopDemoApp.swift in Sources */,
			);
			runOnlyForDeploymentPostprocessing = 0;
		};
		BCA574F32A5CCFBD0029ECB1 /* Sources */ = {
			isa = PBXSourcesBuildPhase;
			buildActionMask = 2147483647;
			files = (
				BC940B222A69F36700D2C6B0 /* OrderAttributes.swift in Sources */,
				BCA575012A5CCFBD0029ECB1 /* CoffeeShopWidgetLiveActivity.swift in Sources */,
				BCA574FF2A5CCFBD0029ECB1 /* CoffeeShopWidgetBundle.swift in Sources */,
			);
			runOnlyForDeploymentPostprocessing = 0;
		};
/* End PBXSourcesBuildPhase section */

/* Begin PBXTargetDependency section */
		BCA575082A5CCFBF0029ECB1 /* PBXTargetDependency */ = {
			isa = PBXTargetDependency;
			target = BCA574F62A5CCFBD0029ECB1 /* Coffee Shop WidgetExtension */;
			targetProxy = BCA575072A5CCFBF0029ECB1 /* PBXContainerItemProxy */;
		};
/* End PBXTargetDependency section */

/* Begin XCBuildConfiguration section */
		BC6C773E2A48DAE90012E96F /* Debug */ = {
			isa = XCBuildConfiguration;
			buildSettings = {
				ALWAYS_SEARCH_USER_PATHS = NO;
				ASSETCATALOG_COMPILER_GENERATE_SWIFT_ASSET_SYMBOL_EXTENSIONS = YES;
				CLANG_ANALYZER_NONNULL = YES;
				CLANG_ANALYZER_NUMBER_OBJECT_CONVERSION = YES_AGGRESSIVE;
				CLANG_CXX_LANGUAGE_STANDARD = "gnu++20";
				CLANG_ENABLE_MODULES = YES;
				CLANG_ENABLE_OBJC_ARC = YES;
				CLANG_ENABLE_OBJC_WEAK = YES;
				CLANG_WARN_BLOCK_CAPTURE_AUTORELEASING = YES;
				CLANG_WARN_BOOL_CONVERSION = YES;
				CLANG_WARN_COMMA = YES;
				CLANG_WARN_CONSTANT_CONVERSION = YES;
				CLANG_WARN_DEPRECATED_OBJC_IMPLEMENTATIONS = YES;
				CLANG_WARN_DIRECT_OBJC_ISA_USAGE = YES_ERROR;
				CLANG_WARN_DOCUMENTATION_COMMENTS = YES;
				CLANG_WARN_EMPTY_BODY = YES;
				CLANG_WARN_ENUM_CONVERSION = YES;
				CLANG_WARN_INFINITE_RECURSION = YES;
				CLANG_WARN_INT_CONVERSION = YES;
				CLANG_WARN_NON_LITERAL_NULL_CONVERSION = YES;
				CLANG_WARN_OBJC_IMPLICIT_RETAIN_SELF = YES;
				CLANG_WARN_OBJC_LITERAL_CONVERSION = YES;
				CLANG_WARN_OBJC_ROOT_CLASS = YES_ERROR;
				CLANG_WARN_QUOTED_INCLUDE_IN_FRAMEWORK_HEADER = YES;
				CLANG_WARN_RANGE_LOOP_ANALYSIS = YES;
				CLANG_WARN_STRICT_PROTOTYPES = YES;
				CLANG_WARN_SUSPICIOUS_MOVE = YES;
				CLANG_WARN_UNGUARDED_AVAILABILITY = YES_AGGRESSIVE;
				CLANG_WARN_UNREACHABLE_CODE = YES;
				CLANG_WARN__DUPLICATE_METHOD_MATCH = YES;
				COPY_PHASE_STRIP = NO;
				DEBUG_INFORMATION_FORMAT = dwarf;
				ENABLE_STRICT_OBJC_MSGSEND = YES;
				ENABLE_TESTABILITY = YES;
				ENABLE_USER_SCRIPT_SANDBOXING = YES;
				GCC_C_LANGUAGE_STANDARD = gnu17;
				GCC_DYNAMIC_NO_PIC = NO;
				GCC_NO_COMMON_BLOCKS = YES;
				GCC_OPTIMIZATION_LEVEL = 0;
				GCC_PREPROCESSOR_DEFINITIONS = (
					"DEBUG=1",
					"$(inherited)",
				);
				GCC_WARN_64_TO_32_BIT_CONVERSION = YES;
				GCC_WARN_ABOUT_RETURN_TYPE = YES_ERROR;
				GCC_WARN_UNDECLARED_SELECTOR = YES;
				GCC_WARN_UNINITIALIZED_AUTOS = YES_AGGRESSIVE;
				GCC_WARN_UNUSED_FUNCTION = YES;
				GCC_WARN_UNUSED_VARIABLE = YES;
				IPHONEOS_DEPLOYMENT_TARGET = 17.0;
				LOCALIZATION_PREFERS_STRING_CATALOGS = YES;
				MTL_ENABLE_DEBUG_INFO = INCLUDE_SOURCE;
				MTL_FAST_MATH = YES;
				ONLY_ACTIVE_ARCH = YES;
				SDKROOT = iphoneos;
				SWIFT_ACTIVE_COMPILATION_CONDITIONS = "DEBUG $(inherited)";
				SWIFT_OPTIMIZATION_LEVEL = "-Onone";
			};
			name = Debug;
		};
		BC6C773F2A48DAE90012E96F /* Release */ = {
			isa = XCBuildConfiguration;
			buildSettings = {
				ALWAYS_SEARCH_USER_PATHS = NO;
				ASSETCATALOG_COMPILER_GENERATE_SWIFT_ASSET_SYMBOL_EXTENSIONS = YES;
				CLANG_ANALYZER_NONNULL = YES;
				CLANG_ANALYZER_NUMBER_OBJECT_CONVERSION = YES_AGGRESSIVE;
				CLANG_CXX_LANGUAGE_STANDARD = "gnu++20";
				CLANG_ENABLE_MODULES = YES;
				CLANG_ENABLE_OBJC_ARC = YES;
				CLANG_ENABLE_OBJC_WEAK = YES;
				CLANG_WARN_BLOCK_CAPTURE_AUTORELEASING = YES;
				CLANG_WARN_BOOL_CONVERSION = YES;
				CLANG_WARN_COMMA = YES;
				CLANG_WARN_CONSTANT_CONVERSION = YES;
				CLANG_WARN_DEPRECATED_OBJC_IMPLEMENTATIONS = YES;
				CLANG_WARN_DIRECT_OBJC_ISA_USAGE = YES_ERROR;
				CLANG_WARN_DOCUMENTATION_COMMENTS = YES;
				CLANG_WARN_EMPTY_BODY = YES;
				CLANG_WARN_ENUM_CONVERSION = YES;
				CLANG_WARN_INFINITE_RECURSION = YES;
				CLANG_WARN_INT_CONVERSION = YES;
				CLANG_WARN_NON_LITERAL_NULL_CONVERSION = YES;
				CLANG_WARN_OBJC_IMPLICIT_RETAIN_SELF = YES;
				CLANG_WARN_OBJC_LITERAL_CONVERSION = YES;
				CLANG_WARN_OBJC_ROOT_CLASS = YES_ERROR;
				CLANG_WARN_QUOTED_INCLUDE_IN_FRAMEWORK_HEADER = YES;
				CLANG_WARN_RANGE_LOOP_ANALYSIS = YES;
				CLANG_WARN_STRICT_PROTOTYPES = YES;
				CLANG_WARN_SUSPICIOUS_MOVE = YES;
				CLANG_WARN_UNGUARDED_AVAILABILITY = YES_AGGRESSIVE;
				CLANG_WARN_UNREACHABLE_CODE = YES;
				CLANG_WARN__DUPLICATE_METHOD_MATCH = YES;
				COPY_PHASE_STRIP = NO;
				DEBUG_INFORMATION_FORMAT = "dwarf-with-dsym";
				ENABLE_NS_ASSERTIONS = NO;
				ENABLE_STRICT_OBJC_MSGSEND = YES;
				ENABLE_USER_SCRIPT_SANDBOXING = YES;
				GCC_C_LANGUAGE_STANDARD = gnu17;
				GCC_NO_COMMON_BLOCKS = YES;
				GCC_WARN_64_TO_32_BIT_CONVERSION = YES;
				GCC_WARN_ABOUT_RETURN_TYPE = YES_ERROR;
				GCC_WARN_UNDECLARED_SELECTOR = YES;
				GCC_WARN_UNINITIALIZED_AUTOS = YES_AGGRESSIVE;
				GCC_WARN_UNUSED_FUNCTION = YES;
				GCC_WARN_UNUSED_VARIABLE = YES;
				IPHONEOS_DEPLOYMENT_TARGET = 17.0;
				LOCALIZATION_PREFERS_STRING_CATALOGS = YES;
				MTL_ENABLE_DEBUG_INFO = NO;
				MTL_FAST_MATH = YES;
				SDKROOT = iphoneos;
				SWIFT_COMPILATION_MODE = wholemodule;
				VALIDATE_PRODUCT = YES;
			};
			name = Release;
		};
		BC6C77412A48DAE90012E96F /* Debug */ = {
			isa = XCBuildConfiguration;
			buildSettings = {
				ALWAYS_EMBED_SWIFT_STANDARD_LIBRARIES = YES;
				ASSETCATALOG_COMPILER_APPICON_NAME = AppIcon;
				ASSETCATALOG_COMPILER_GLOBAL_ACCENT_COLOR_NAME = AccentColor;
				CODE_SIGN_STYLE = Automatic;
				CURRENT_PROJECT_VERSION = 1;
				DEVELOPMENT_ASSET_PATHS = "\"CoffeeShopDemo/Preview Content\"";
				DEVELOPMENT_TEAM = CTS5987F4Q;
				ENABLE_PREVIEWS = YES;
				GENERATE_INFOPLIST_FILE = NO;
				INFOPLIST_FILE = CoffeeShopDemo/Resources/Info.plist;
				INFOPLIST_KEY_UIApplicationSceneManifest_Generation = YES;
				INFOPLIST_KEY_UIApplicationSupportsIndirectInputEvents = YES;
				INFOPLIST_KEY_UILaunchScreen_Generation = YES;
				INFOPLIST_KEY_UISupportedInterfaceOrientations_iPad = "UIInterfaceOrientationPortrait UIInterfaceOrientationPortraitUpsideDown UIInterfaceOrientationLandscapeLeft UIInterfaceOrientationLandscapeRight";
				INFOPLIST_KEY_UISupportedInterfaceOrientations_iPhone = "UIInterfaceOrientationPortrait UIInterfaceOrientationLandscapeLeft UIInterfaceOrientationLandscapeRight";
				LD_RUNPATH_SEARCH_PATHS = (
					"$(inherited)",
					"@executable_path/Frameworks",
				);
				MARKETING_VERSION = 1.0;
				PRODUCT_BUNDLE_IDENTIFIER = com.blorenzo.coffeeshop;
				PRODUCT_NAME = "$(TARGET_NAME)";
				SWIFT_EMIT_LOC_STRINGS = YES;
				SWIFT_VERSION = 5.0;
				TARGETED_DEVICE_FAMILY = "1,2";
			};
			name = Debug;
		};
		BC6C77422A48DAE90012E96F /* Release */ = {
			isa = XCBuildConfiguration;
			buildSettings = {
				ALWAYS_EMBED_SWIFT_STANDARD_LIBRARIES = YES;
				ASSETCATALOG_COMPILER_APPICON_NAME = AppIcon;
				ASSETCATALOG_COMPILER_GLOBAL_ACCENT_COLOR_NAME = AccentColor;
				CODE_SIGN_STYLE = Automatic;
				CURRENT_PROJECT_VERSION = 1;
				DEVELOPMENT_ASSET_PATHS = "\"CoffeeShopDemo/Preview Content\"";
				DEVELOPMENT_TEAM = CTS5987F4Q;
				ENABLE_PREVIEWS = YES;
				GENERATE_INFOPLIST_FILE = NO;
				INFOPLIST_FILE = CoffeeShopDemo/Resources/Info.plist;
				INFOPLIST_KEY_UIApplicationSceneManifest_Generation = YES;
				INFOPLIST_KEY_UIApplicationSupportsIndirectInputEvents = YES;
				INFOPLIST_KEY_UILaunchScreen_Generation = YES;
				INFOPLIST_KEY_UISupportedInterfaceOrientations_iPad = "UIInterfaceOrientationPortrait UIInterfaceOrientationPortraitUpsideDown UIInterfaceOrientationLandscapeLeft UIInterfaceOrientationLandscapeRight";
				INFOPLIST_KEY_UISupportedInterfaceOrientations_iPhone = "UIInterfaceOrientationPortrait UIInterfaceOrientationLandscapeLeft UIInterfaceOrientationLandscapeRight";
				LD_RUNPATH_SEARCH_PATHS = (
					"$(inherited)",
					"@executable_path/Frameworks",
				);
				MARKETING_VERSION = 1.0;
				PRODUCT_BUNDLE_IDENTIFIER = com.blorenzo.coffeeshop;
				PRODUCT_NAME = "$(TARGET_NAME)";
				SWIFT_EMIT_LOC_STRINGS = YES;
				SWIFT_VERSION = 5.0;
				TARGETED_DEVICE_FAMILY = "1,2";
			};
			name = Release;
		};
		BCA5750B2A5CCFBF0029ECB1 /* Debug */ = {
			isa = XCBuildConfiguration;
			buildSettings = {
				ASSETCATALOG_COMPILER_GLOBAL_ACCENT_COLOR_NAME = AccentColor;
				ASSETCATALOG_COMPILER_WIDGET_BACKGROUND_COLOR_NAME = WidgetBackground;
				CODE_SIGN_STYLE = Automatic;
				CURRENT_PROJECT_VERSION = 1;
				DEVELOPMENT_TEAM = CTS5987F4Q;
				GENERATE_INFOPLIST_FILE = YES;
				INFOPLIST_FILE = "Coffee Shop Widget/Info.plist";
				INFOPLIST_KEY_CFBundleDisplayName = "Coffee Shop Widget";
				INFOPLIST_KEY_NSHumanReadableCopyright = "";
				INFOPLIST_KEY_NSSupportsLiveActivities = YES;
				LD_RUNPATH_SEARCH_PATHS = (
					"$(inherited)",
					"@executable_path/Frameworks",
					"@executable_path/../../Frameworks",
				);
				MARKETING_VERSION = 1.0;
				PRODUCT_BUNDLE_IDENTIFIER = com.blorenzo.coffeeshop.widget;
				PRODUCT_NAME = "$(TARGET_NAME)";
				SKIP_INSTALL = YES;
				SWIFT_EMIT_LOC_STRINGS = YES;
				SWIFT_VERSION = 5.0;
				TARGETED_DEVICE_FAMILY = "1,2";
			};
			name = Debug;
		};
		BCA5750C2A5CCFBF0029ECB1 /* Release */ = {
			isa = XCBuildConfiguration;
			buildSettings = {
				ASSETCATALOG_COMPILER_GLOBAL_ACCENT_COLOR_NAME = AccentColor;
				ASSETCATALOG_COMPILER_WIDGET_BACKGROUND_COLOR_NAME = WidgetBackground;
				CODE_SIGN_STYLE = Automatic;
				CURRENT_PROJECT_VERSION = 1;
				DEVELOPMENT_TEAM = CTS5987F4Q;
				GENERATE_INFOPLIST_FILE = YES;
				INFOPLIST_FILE = "Coffee Shop Widget/Info.plist";
				INFOPLIST_KEY_CFBundleDisplayName = "Coffee Shop Widget";
				INFOPLIST_KEY_NSHumanReadableCopyright = "";
				INFOPLIST_KEY_NSSupportsLiveActivities = YES;
				LD_RUNPATH_SEARCH_PATHS = (
					"$(inherited)",
					"@executable_path/Frameworks",
					"@executable_path/../../Frameworks",
				);
				MARKETING_VERSION = 1.0;
				PRODUCT_BUNDLE_IDENTIFIER = com.blorenzo.coffeeshop.widget;
				PRODUCT_NAME = "$(TARGET_NAME)";
				SKIP_INSTALL = YES;
				SWIFT_EMIT_LOC_STRINGS = YES;
				SWIFT_VERSION = 5.0;
				TARGETED_DEVICE_FAMILY = "1,2";
			};
			name = Release;
		};
/* End XCBuildConfiguration section */

/* Begin XCConfigurationList section */
		BC6C772D2A48DAE80012E96F /* Build configuration list for PBXProject "coffee-shop-demo" */ = {
			isa = XCConfigurationList;
			buildConfigurations = (
				BC6C773E2A48DAE90012E96F /* Debug */,
				BC6C773F2A48DAE90012E96F /* Release */,
			);
			defaultConfigurationIsVisible = 0;
			defaultConfigurationName = Release;
		};
		BC6C77402A48DAE90012E96F /* Build configuration list for PBXNativeTarget "Coffee Shop App" */ = {
			isa = XCConfigurationList;
			buildConfigurations = (
				BC6C77412A48DAE90012E96F /* Debug */,
				BC6C77422A48DAE90012E96F /* Release */,
			);
			defaultConfigurationIsVisible = 0;
			defaultConfigurationName = Release;
		};
		BCA5750A2A5CCFBF0029ECB1 /* Build configuration list for PBXNativeTarget "Coffee Shop WidgetExtension" */ = {
			isa = XCConfigurationList;
			buildConfigurations = (
				BCA5750B2A5CCFBF0029ECB1 /* Debug */,
				BCA5750C2A5CCFBF0029ECB1 /* Release */,
			);
			defaultConfigurationIsVisible = 0;
			defaultConfigurationName = Release;
		};
/* End XCConfigurationList section */
	};
	rootObject = BC6C772A2A48DAE80012E96F /* Project object */;
}
