// !$*UTF8*$!
{
	archiveVersion = 1;
	classes = {
	};
	objectVersion = 56;
	objects = {

/* Begin PBXBuildFile section */
		BC10F7FD2B489B75004F1807 /* ConfirmationViewModel.swift in Sources */ = {isa = PBXBuildFile; fileRef = BC10F7FC2B489B75004F1807 /* ConfirmationViewModel.swift */; };
		BC1178492B929B16001C3CE0 /* openapi-generator-config.yaml in Resources */ = {isa = PBXBuildFile; fileRef = BC1178482B929B16001C3CE0 /* openapi-generator-config.yaml */; };
		BC11784B2B929B31001C3CE0 /* openapi.yaml in Resources */ = {isa = PBXBuildFile; fileRef = BC11784A2B929B31001C3CE0 /* openapi.yaml */; };
		BC1178542B929D6D001C3CE0 /* OpenAPIRuntime in Frameworks */ = {isa = PBXBuildFile; productRef = BC1178532B929D6D001C3CE0 /* OpenAPIRuntime */; };
		BC1178572B929DCD001C3CE0 /* OpenAPIURLSession in Frameworks */ = {isa = PBXBuildFile; productRef = BC1178562B929DCD001C3CE0 /* OpenAPIURLSession */; };
		BC1178602B92A4DB001C3CE0 /* ApiClient.swift in Sources */ = {isa = PBXBuildFile; fileRef = BC11785F2B92A4DB001C3CE0 /* ApiClient.swift */; };
		BC1F6C8F2B0449AF00B05B2C /* MapContainerView.swift in Sources */ = {isa = PBXBuildFile; fileRef = BC1F6C8E2B0449AF00B05B2C /* MapContainerView.swift */; };
		BC1F6C912B044B7300B05B2C /* CLLocationCoordinate2D.swift in Sources */ = {isa = PBXBuildFile; fileRef = BC1F6C902B044B7300B05B2C /* CLLocationCoordinate2D.swift */; };
		BC2A20EC2B59FAE800B36ADD /* OverallData.swift in Sources */ = {isa = PBXBuildFile; fileRef = BC2A20EB2B59FAE800B36ADD /* OverallData.swift */; };
		BC2A20EE2B59FAF900B36ADD /* CoffeeData.swift in Sources */ = {isa = PBXBuildFile; fileRef = BC2A20ED2B59FAF900B36ADD /* CoffeeData.swift */; };
		BC3502602ABB8448001D0D95 /* OrderHistoryView.swift in Sources */ = {isa = PBXBuildFile; fileRef = BC35025F2ABB8448001D0D95 /* OrderHistoryView.swift */; };
		BC35CD092B7509FC000AACCB /* Identifiers.swift in Sources */ = {isa = PBXBuildFile; fileRef = BC35CD082B7509FC000AACCB /* Identifiers.swift */; };
		BC35CD0A2B750A40000AACCB /* Identifiers.swift in Sources */ = {isa = PBXBuildFile; fileRef = BC35CD082B7509FC000AACCB /* Identifiers.swift */; };
		BC35CD0C2B7519C0000AACCB /* XCUApplication.swift in Sources */ = {isa = PBXBuildFile; fileRef = BC35CD0B2B7519C0000AACCB /* XCUApplication.swift */; };
		BC450A482B40D9AE0072F8EB /* Alert+Extension.swift in Sources */ = {isa = PBXBuildFile; fileRef = BC450A472B40D9AE0072F8EB /* Alert+Extension.swift */; };
		BC450A4B2B41A9DA0072F8EB /* GeneralError.swift in Sources */ = {isa = PBXBuildFile; fileRef = BC450A4A2B41A9DA0072F8EB /* GeneralError.swift */; };
		BC450A4D2B41AB320072F8EB /* Constants.swift in Sources */ = {isa = PBXBuildFile; fileRef = BC450A4C2B41AB320072F8EB /* Constants.swift */; };
		BC450A4F2B41D1B50072F8EB /* OrderError.swift in Sources */ = {isa = PBXBuildFile; fileRef = BC450A4E2B41D1B50072F8EB /* OrderError.swift */; };
		BC450A502B41F0860072F8EB /* AppError.swift in Sources */ = {isa = PBXBuildFile; fileRef = BCAFD8E82B3A007300541CD9 /* AppError.swift */; };
		BC450A512B41F0900072F8EB /* Constants.swift in Sources */ = {isa = PBXBuildFile; fileRef = BC450A4C2B41AB320072F8EB /* Constants.swift */; };
		BC450A522B41F0950072F8EB /* OrderError.swift in Sources */ = {isa = PBXBuildFile; fileRef = BC450A4E2B41D1B50072F8EB /* OrderError.swift */; };
		BC46CB8C2B053C97002E4544 /* MKCoordinateRegion.swift in Sources */ = {isa = PBXBuildFile; fileRef = BC46CB8B2B053C97002E4544 /* MKCoordinateRegion.swift */; };
		BC4DF4462B2F955500C78E13 /* CardView.swift in Sources */ = {isa = PBXBuildFile; fileRef = BC4DF4452B2F955500C78E13 /* CardView.swift */; };
		BC4DF4482B2FA5F700C78E13 /* SettingsView.swift in Sources */ = {isa = PBXBuildFile; fileRef = BC4DF4472B2FA5F700C78E13 /* SettingsView.swift */; };
		BC4DF44A2B2FA7CE00C78E13 /* CommonUtils.swift in Sources */ = {isa = PBXBuildFile; fileRef = BC4DF4492B2FA7CE00C78E13 /* CommonUtils.swift */; };
		BC4DF44C2B2FAAE500C78E13 /* AppIcon.swift in Sources */ = {isa = PBXBuildFile; fileRef = BC4DF44B2B2FAAE500C78E13 /* AppIcon.swift */; };
		BC5151042B5DBFE600C1121A /* BarChart.swift in Sources */ = {isa = PBXBuildFile; fileRef = BC5151032B5DBFE600C1121A /* BarChart.swift */; };
		BC5151062B5DC0CB00C1121A /* DemoCoffeeData.swift in Sources */ = {isa = PBXBuildFile; fileRef = BC5151052B5DC0CB00C1121A /* DemoCoffeeData.swift */; };
		BC69DFB62B673CE900419760 /* ToggleView.swift in Sources */ = {isa = PBXBuildFile; fileRef = BC69DFB52B673CE900419760 /* ToggleView.swift */; };
		BC6FEBC52B099475002AAC3C /* CircleButton.swift in Sources */ = {isa = PBXBuildFile; fileRef = BC6FEBC42B099475002AAC3C /* CircleButton.swift */; };
		BC6FEBC72B09BB1A002AAC3C /* LocationModel.swift in Sources */ = {isa = PBXBuildFile; fileRef = BC6FEBC62B09BB1A002AAC3C /* LocationModel.swift */; };
		BC70820E2B13DFB40045D1C1 /* MapDemoView.swift in Sources */ = {isa = PBXBuildFile; fileRef = BC70820D2B13DFB40045D1C1 /* MapDemoView.swift */; };
		BC77615A2B7107540042FDB2 /* CoffeeShopAppUITests.swift in Sources */ = {isa = PBXBuildFile; fileRef = BC7761592B7107540042FDB2 /* CoffeeShopAppUITests.swift */; };
		BC8E9B772AC100AD00695DC4 /* HistoryTip.swift in Sources */ = {isa = PBXBuildFile; fileRef = BC8E9B762AC100AD00695DC4 /* HistoryTip.swift */; };
		BC9306692ABCF4190095317F /* OrdersManager.swift in Sources */ = {isa = PBXBuildFile; fileRef = BC9306682ABCF4190095317F /* OrdersManager.swift */; };
		BC93066B2ABCF6A90095317F /* Router.swift in Sources */ = {isa = PBXBuildFile; fileRef = BC93066A2ABCF6A90095317F /* Router.swift */; };
		BC93066D2ABCFD2B0095317F /* Notification+Utils.swift in Sources */ = {isa = PBXBuildFile; fileRef = BC93066C2ABCFD2B0095317F /* Notification+Utils.swift */; };
		BC940B1F2A69F2DA00D2C6B0 /* LiveActivityManager.swift in Sources */ = {isa = PBXBuildFile; fileRef = BC940B1E2A69F2DA00D2C6B0 /* LiveActivityManager.swift */; };
		BC940B212A69F33500D2C6B0 /* OrderAttributes.swift in Sources */ = {isa = PBXBuildFile; fileRef = BC940B202A69F33500D2C6B0 /* OrderAttributes.swift */; };
		BC940B262A69FEBA00D2C6B0 /* AppDelegate.swift in Sources */ = {isa = PBXBuildFile; fileRef = BC940B252A69FEBA00D2C6B0 /* AppDelegate.swift */; };
		BC982AAB2B4430AC00382406 /* NetworkErrors.swift in Sources */ = {isa = PBXBuildFile; fileRef = BC982AAA2B4430AC00382406 /* NetworkErrors.swift */; };
		BC982AAC2B4430AC00382406 /* NetworkErrors.swift in Sources */ = {isa = PBXBuildFile; fileRef = BC982AAA2B4430AC00382406 /* NetworkErrors.swift */; };
		BCA0AA122B5317A5005B363F /* CoffeeChart.swift in Sources */ = {isa = PBXBuildFile; fileRef = BCA0AA112B5317A5005B363F /* CoffeeChart.swift */; };
		BCA0AA162B5450E2005B363F /* Date+Utils.swift in Sources */ = {isa = PBXBuildFile; fileRef = BCA0AA152B5450E2005B363F /* Date+Utils.swift */; };
		BCA574FA2A5CCFBD0029ECB1 /* WidgetKit.framework in Frameworks */ = {isa = PBXBuildFile; fileRef = BCA574F92A5CCFBD0029ECB1 /* WidgetKit.framework */; };
		BCA574FC2A5CCFBD0029ECB1 /* SwiftUI.framework in Frameworks */ = {isa = PBXBuildFile; fileRef = BCA574FB2A5CCFBD0029ECB1 /* SwiftUI.framework */; };
		BCA574FF2A5CCFBD0029ECB1 /* CoffeeShopWidgetBundle.swift in Sources */ = {isa = PBXBuildFile; fileRef = BCA574FE2A5CCFBD0029ECB1 /* CoffeeShopWidgetBundle.swift */; };
		BCA575012A5CCFBD0029ECB1 /* CoffeeShopWidgetLiveActivity.swift in Sources */ = {isa = PBXBuildFile; fileRef = BCA575002A5CCFBD0029ECB1 /* CoffeeShopWidgetLiveActivity.swift */; };
		BCA575052A5CCFBF0029ECB1 /* Assets.xcassets in Resources */ = {isa = PBXBuildFile; fileRef = BCA575042A5CCFBF0029ECB1 /* Assets.xcassets */; };
		BCA575092A5CCFBF0029ECB1 /* Coffee Shop WidgetExtension.appex in Embed Foundation Extensions */ = {isa = PBXBuildFile; fileRef = BCA574F72A5CCFBD0029ECB1 /* Coffee Shop WidgetExtension.appex */; settings = {ATTRIBUTES = (RemoveHeadersOnCopy, ); }; };
		BCAEBB272B21459F002CE7A2 /* RepeatOrderIntent.swift in Sources */ = {isa = PBXBuildFile; fileRef = BCAEBB262B21459F002CE7A2 /* RepeatOrderIntent.swift */; };
		BCAEBB292B215A3A002CE7A2 /* RepeatOrderIntent.swift in Sources */ = {isa = PBXBuildFile; fileRef = BCAEBB262B21459F002CE7A2 /* RepeatOrderIntent.swift */; };
		BCAEBB2A2B215A3F002CE7A2 /* OrdersManager.swift in Sources */ = {isa = PBXBuildFile; fileRef = BC9306682ABCF4190095317F /* OrdersManager.swift */; };
		BCAEBB2B2B215A48002CE7A2 /* Order.swift in Sources */ = {isa = PBXBuildFile; fileRef = BCB63BF42A4B94AA0045B17E /* Order.swift */; };
		BCAEBB2C2B215A4B002CE7A2 /* MenuItem.swift in Sources */ = {isa = PBXBuildFile; fileRef = BCC779E52A4E4F0300F5539F /* MenuItem.swift */; };
		BCAEBB2D2B215A53002CE7A2 /* Coffee.swift in Sources */ = {isa = PBXBuildFile; fileRef = BCB63BF52A4B94AA0045B17E /* Coffee.swift */; };
		BCAEBB2E2B215A5F002CE7A2 /* Food.swift in Sources */ = {isa = PBXBuildFile; fileRef = BCC779E32A4E4E4300F5539F /* Food.swift */; };
		BCAFD8E92B3A007300541CD9 /* AppError.swift in Sources */ = {isa = PBXBuildFile; fileRef = BCAFD8E82B3A007300541CD9 /* AppError.swift */; };
		BCB63BFD2A4B94AA0045B17E /* Assets.xcassets in Resources */ = {isa = PBXBuildFile; fileRef = BCB63BF02A4B94AA0045B17E /* Assets.xcassets */; };
		BCB63BFE2A4B94AA0045B17E /* CustomButton.swift in Sources */ = {isa = PBXBuildFile; fileRef = BCB63BF22A4B94AA0045B17E /* CustomButton.swift */; };
		BCB63BFF2A4B94AA0045B17E /* Order.swift in Sources */ = {isa = PBXBuildFile; fileRef = BCB63BF42A4B94AA0045B17E /* Order.swift */; };
		BCB63C002A4B94AA0045B17E /* Coffee.swift in Sources */ = {isa = PBXBuildFile; fileRef = BCB63BF52A4B94AA0045B17E /* Coffee.swift */; };
		BCB63C012A4B94AA0045B17E /* Preview Assets.xcassets in Resources */ = {isa = PBXBuildFile; fileRef = BCB63BF72A4B94AA0045B17E /* Preview Assets.xcassets */; };
		BCB63C022A4B94AA0045B17E /* CoffeeShopDemoApp.swift in Sources */ = {isa = PBXBuildFile; fileRef = BCB63BF82A4B94AA0045B17E /* CoffeeShopDemoApp.swift */; };
		BCB63C032A4B94AA0045B17E /* HomeView.swift in Sources */ = {isa = PBXBuildFile; fileRef = BCB63BFA2A4B94AA0045B17E /* HomeView.swift */; };
		BCB63C052A4B94AA0045B17E /* OrderConfirmationView.swift in Sources */ = {isa = PBXBuildFile; fileRef = BCB63BFC2A4B94AA0045B17E /* OrderConfirmationView.swift */; };
		BCB63C072A4B99DF0045B17E /* Localizable.xcstrings in Resources */ = {isa = PBXBuildFile; fileRef = BCB63C062A4B99DF0045B17E /* Localizable.xcstrings */; };
		BCC52FD52B28E9470017C94F /* IconAnimationView.swift in Sources */ = {isa = PBXBuildFile; fileRef = BCC52FD42B28E9470017C94F /* IconAnimationView.swift */; };
		BCC779E42A4E4E4300F5539F /* Food.swift in Sources */ = {isa = PBXBuildFile; fileRef = BCC779E32A4E4E4300F5539F /* Food.swift */; };
		BCC779E62A4E4F0300F5539F /* MenuItem.swift in Sources */ = {isa = PBXBuildFile; fileRef = BCC779E52A4E4F0300F5539F /* MenuItem.swift */; };
		BCCD010A2AC0DAE700041327 /* ContainerView.swift in Sources */ = {isa = PBXBuildFile; fileRef = BCCD01092AC0DAE700041327 /* ContainerView.swift */; };
		BCE282CF2B474D5C009E4AA5 /* HKLogger in Frameworks */ = {isa = PBXBuildFile; productRef = BCE282CE2B474D5C009E4AA5 /* HKLogger */; };
		BCE282D12B474D6D009E4AA5 /* HKLogger in Frameworks */ = {isa = PBXBuildFile; productRef = BCE282D02B474D6D009E4AA5 /* HKLogger */; };
		BCEE1A1F2B22274500DA0967 /* LiveActivityManager.swift in Sources */ = {isa = PBXBuildFile; fileRef = BC940B1E2A69F2DA00D2C6B0 /* LiveActivityManager.swift */; };
		BCF37BA52A5217010098F557 /* MenuDetailsView.swift in Sources */ = {isa = PBXBuildFile; fileRef = BCF37BA42A5217010098F557 /* MenuDetailsView.swift */; };
		BCF4BEAB2B1FED7600F8A7AA /* CoffeeShopWidget.swift in Sources */ = {isa = PBXBuildFile; fileRef = BCF4BEAA2B1FED7600F8A7AA /* CoffeeShopWidget.swift */; };
		BCF4BEB02B1FEFEF00F8A7AA /* CoffeeOrder.swift in Sources */ = {isa = PBXBuildFile; fileRef = BCF4BEAF2B1FEFEF00F8A7AA /* CoffeeOrder.swift */; };
		BCF4BEB32B1FF16E00F8A7AA /* LastOrderView.swift in Sources */ = {isa = PBXBuildFile; fileRef = BCF4BEB22B1FF16E00F8A7AA /* LastOrderView.swift */; };
		BCF4BEB52B1FF46700F8A7AA /* CoffeeProvider.swift in Sources */ = {isa = PBXBuildFile; fileRef = BCF4BEB42B1FF46700F8A7AA /* CoffeeProvider.swift */; };
		BCF4BEB82B1FF9E100F8A7AA /* OrderAttributes.swift in Sources */ = {isa = PBXBuildFile; fileRef = BC940B202A69F33500D2C6B0 /* OrderAttributes.swift */; };
		BCFF50382B6699A400011A7A /* OrderTests.swift in Sources */ = {isa = PBXBuildFile; fileRef = BCFF50372B6699A400011A7A /* OrderTests.swift */; };
/* End PBXBuildFile section */

/* Begin PBXContainerItemProxy section */
		BC77615D2B7107540042FDB2 /* PBXContainerItemProxy */ = {
			isa = PBXContainerItemProxy;
			containerPortal = BC6C772A2A48DAE80012E96F /* Project object */;
			proxyType = 1;
			remoteGlobalIDString = BC6C77312A48DAE80012E96F;
			remoteInfo = "Coffee Shop App";
		};
		BCA575072A5CCFBF0029ECB1 /* PBXContainerItemProxy */ = {
			isa = PBXContainerItemProxy;
			containerPortal = BC6C772A2A48DAE80012E96F /* Project object */;
			proxyType = 1;
			remoteGlobalIDString = BCA574F62A5CCFBD0029ECB1;
			remoteInfo = "Coffee Shop WidgetExtension";
		};
		BCFF50392B6699A400011A7A /* PBXContainerItemProxy */ = {
			isa = PBXContainerItemProxy;
			containerPortal = BC6C772A2A48DAE80012E96F /* Project object */;
			proxyType = 1;
			remoteGlobalIDString = BC6C77312A48DAE80012E96F;
			remoteInfo = "Coffee Shop App";
		};
/* End PBXContainerItemProxy section */

/* Begin PBXCopyFilesBuildPhase section */
		BCA5750D2A5CCFBF0029ECB1 /* Embed Foundation Extensions */ = {
			isa = PBXCopyFilesBuildPhase;
			buildActionMask = 2147483647;
			dstPath = "";
			dstSubfolderSpec = 13;
			files = (
				BCA575092A5CCFBF0029ECB1 /* Coffee Shop WidgetExtension.appex in Embed Foundation Extensions */,
			);
			name = "Embed Foundation Extensions";
			runOnlyForDeploymentPostprocessing = 0;
		};
/* End PBXCopyFilesBuildPhase section */

/* Begin PBXFileReference section */
		BC10F7FC2B489B75004F1807 /* ConfirmationViewModel.swift */ = {isa = PBXFileReference; lastKnownFileType = sourcecode.swift; path = ConfirmationViewModel.swift; sourceTree = "<group>"; };
		BC1178482B929B16001C3CE0 /* openapi-generator-config.yaml */ = {isa = PBXFileReference; lastKnownFileType = text.yaml; path = "openapi-generator-config.yaml"; sourceTree = "<group>"; };
		BC11784A2B929B31001C3CE0 /* openapi.yaml */ = {isa = PBXFileReference; fileEncoding = 4; lastKnownFileType = text.yaml; path = openapi.yaml; sourceTree = "<group>"; };
		BC11785F2B92A4DB001C3CE0 /* ApiClient.swift */ = {isa = PBXFileReference; lastKnownFileType = sourcecode.swift; path = ApiClient.swift; sourceTree = "<group>"; };
		BC1F6C8E2B0449AF00B05B2C /* MapContainerView.swift */ = {isa = PBXFileReference; lastKnownFileType = sourcecode.swift; path = MapContainerView.swift; sourceTree = "<group>"; };
		BC1F6C902B044B7300B05B2C /* CLLocationCoordinate2D.swift */ = {isa = PBXFileReference; lastKnownFileType = sourcecode.swift; path = CLLocationCoordinate2D.swift; sourceTree = "<group>"; };
		BC2A20EB2B59FAE800B36ADD /* OverallData.swift */ = {isa = PBXFileReference; lastKnownFileType = sourcecode.swift; path = OverallData.swift; sourceTree = "<group>"; };
		BC2A20ED2B59FAF900B36ADD /* CoffeeData.swift */ = {isa = PBXFileReference; lastKnownFileType = sourcecode.swift; path = CoffeeData.swift; sourceTree = "<group>"; };
		BC35025F2ABB8448001D0D95 /* OrderHistoryView.swift */ = {isa = PBXFileReference; lastKnownFileType = sourcecode.swift; path = OrderHistoryView.swift; sourceTree = "<group>"; };
		BC35CD082B7509FC000AACCB /* Identifiers.swift */ = {isa = PBXFileReference; lastKnownFileType = sourcecode.swift; path = Identifiers.swift; sourceTree = "<group>"; };
		BC35CD0B2B7519C0000AACCB /* XCUApplication.swift */ = {isa = PBXFileReference; lastKnownFileType = sourcecode.swift; path = XCUApplication.swift; sourceTree = "<group>"; };
		BC450A472B40D9AE0072F8EB /* Alert+Extension.swift */ = {isa = PBXFileReference; lastKnownFileType = sourcecode.swift; path = "Alert+Extension.swift"; sourceTree = "<group>"; };
		BC450A4A2B41A9DA0072F8EB /* GeneralError.swift */ = {isa = PBXFileReference; lastKnownFileType = sourcecode.swift; path = GeneralError.swift; sourceTree = "<group>"; };
		BC450A4C2B41AB320072F8EB /* Constants.swift */ = {isa = PBXFileReference; lastKnownFileType = sourcecode.swift; path = Constants.swift; sourceTree = "<group>"; };
		BC450A4E2B41D1B50072F8EB /* OrderError.swift */ = {isa = PBXFileReference; lastKnownFileType = sourcecode.swift; path = OrderError.swift; sourceTree = "<group>"; };
		BC46CB8B2B053C97002E4544 /* MKCoordinateRegion.swift */ = {isa = PBXFileReference; lastKnownFileType = sourcecode.swift; path = MKCoordinateRegion.swift; sourceTree = "<group>"; };
		BC4DF4452B2F955500C78E13 /* CardView.swift */ = {isa = PBXFileReference; lastKnownFileType = sourcecode.swift; path = CardView.swift; sourceTree = "<group>"; };
		BC4DF4472B2FA5F700C78E13 /* SettingsView.swift */ = {isa = PBXFileReference; lastKnownFileType = sourcecode.swift; path = SettingsView.swift; sourceTree = "<group>"; };
		BC4DF4492B2FA7CE00C78E13 /* CommonUtils.swift */ = {isa = PBXFileReference; lastKnownFileType = sourcecode.swift; path = CommonUtils.swift; sourceTree = "<group>"; };
		BC4DF44B2B2FAAE500C78E13 /* AppIcon.swift */ = {isa = PBXFileReference; lastKnownFileType = sourcecode.swift; path = AppIcon.swift; sourceTree = "<group>"; };
		BC5151032B5DBFE600C1121A /* BarChart.swift */ = {isa = PBXFileReference; lastKnownFileType = sourcecode.swift; path = BarChart.swift; sourceTree = "<group>"; };
		BC5151052B5DC0CB00C1121A /* DemoCoffeeData.swift */ = {isa = PBXFileReference; lastKnownFileType = sourcecode.swift; path = DemoCoffeeData.swift; sourceTree = "<group>"; };
		BC69DFB52B673CE900419760 /* ToggleView.swift */ = {isa = PBXFileReference; lastKnownFileType = sourcecode.swift; path = ToggleView.swift; sourceTree = "<group>"; };
		BC6C77322A48DAE80012E96F /* Coffee Shop App.app */ = {isa = PBXFileReference; explicitFileType = wrapper.application; includeInIndex = 0; path = "Coffee Shop App.app"; sourceTree = BUILT_PRODUCTS_DIR; };
		BC6FEBC42B099475002AAC3C /* CircleButton.swift */ = {isa = PBXFileReference; lastKnownFileType = sourcecode.swift; path = CircleButton.swift; sourceTree = "<group>"; };
		BC6FEBC62B09BB1A002AAC3C /* LocationModel.swift */ = {isa = PBXFileReference; lastKnownFileType = sourcecode.swift; path = LocationModel.swift; sourceTree = "<group>"; };
		BC70820D2B13DFB40045D1C1 /* MapDemoView.swift */ = {isa = PBXFileReference; lastKnownFileType = sourcecode.swift; path = MapDemoView.swift; sourceTree = "<group>"; };
		BC7761572B7107540042FDB2 /* CoffeeShopAppUITests.xctest */ = {isa = PBXFileReference; explicitFileType = wrapper.cfbundle; includeInIndex = 0; path = CoffeeShopAppUITests.xctest; sourceTree = BUILT_PRODUCTS_DIR; };
		BC7761592B7107540042FDB2 /* CoffeeShopAppUITests.swift */ = {isa = PBXFileReference; lastKnownFileType = sourcecode.swift; path = CoffeeShopAppUITests.swift; sourceTree = "<group>"; };
		BC8E9B762AC100AD00695DC4 /* HistoryTip.swift */ = {isa = PBXFileReference; lastKnownFileType = sourcecode.swift; path = HistoryTip.swift; sourceTree = "<group>"; };
		BC9306682ABCF4190095317F /* OrdersManager.swift */ = {isa = PBXFileReference; lastKnownFileType = sourcecode.swift; path = OrdersManager.swift; sourceTree = "<group>"; };
		BC93066A2ABCF6A90095317F /* Router.swift */ = {isa = PBXFileReference; lastKnownFileType = sourcecode.swift; path = Router.swift; sourceTree = "<group>"; };
		BC93066C2ABCFD2B0095317F /* Notification+Utils.swift */ = {isa = PBXFileReference; lastKnownFileType = sourcecode.swift; path = "Notification+Utils.swift"; sourceTree = "<group>"; };
		BC940B1E2A69F2DA00D2C6B0 /* LiveActivityManager.swift */ = {isa = PBXFileReference; lastKnownFileType = sourcecode.swift; path = LiveActivityManager.swift; sourceTree = "<group>"; };
		BC940B202A69F33500D2C6B0 /* OrderAttributes.swift */ = {isa = PBXFileReference; lastKnownFileType = sourcecode.swift; path = OrderAttributes.swift; sourceTree = "<group>"; };
		BC940B232A69F77000D2C6B0 /* Info.plist */ = {isa = PBXFileReference; lastKnownFileType = text.plist.xml; path = Info.plist; sourceTree = "<group>"; };
		BC940B252A69FEBA00D2C6B0 /* AppDelegate.swift */ = {isa = PBXFileReference; lastKnownFileType = sourcecode.swift; path = AppDelegate.swift; sourceTree = "<group>"; };
		BC982AAA2B4430AC00382406 /* NetworkErrors.swift */ = {isa = PBXFileReference; lastKnownFileType = sourcecode.swift; path = NetworkErrors.swift; sourceTree = "<group>"; };
		BCA0AA112B5317A5005B363F /* CoffeeChart.swift */ = {isa = PBXFileReference; lastKnownFileType = sourcecode.swift; path = CoffeeChart.swift; sourceTree = "<group>"; };
		BCA0AA152B5450E2005B363F /* Date+Utils.swift */ = {isa = PBXFileReference; lastKnownFileType = sourcecode.swift; path = "Date+Utils.swift"; sourceTree = "<group>"; };
		BCA574F72A5CCFBD0029ECB1 /* Coffee Shop WidgetExtension.appex */ = {isa = PBXFileReference; explicitFileType = "wrapper.app-extension"; includeInIndex = 0; path = "Coffee Shop WidgetExtension.appex"; sourceTree = BUILT_PRODUCTS_DIR; };
		BCA574F92A5CCFBD0029ECB1 /* WidgetKit.framework */ = {isa = PBXFileReference; lastKnownFileType = wrapper.framework; name = WidgetKit.framework; path = System/Library/Frameworks/WidgetKit.framework; sourceTree = SDKROOT; };
		BCA574FB2A5CCFBD0029ECB1 /* SwiftUI.framework */ = {isa = PBXFileReference; lastKnownFileType = wrapper.framework; name = SwiftUI.framework; path = System/Library/Frameworks/SwiftUI.framework; sourceTree = SDKROOT; };
		BCA574FE2A5CCFBD0029ECB1 /* CoffeeShopWidgetBundle.swift */ = {isa = PBXFileReference; lastKnownFileType = sourcecode.swift; path = CoffeeShopWidgetBundle.swift; sourceTree = "<group>"; };
		BCA575002A5CCFBD0029ECB1 /* CoffeeShopWidgetLiveActivity.swift */ = {isa = PBXFileReference; lastKnownFileType = sourcecode.swift; path = CoffeeShopWidgetLiveActivity.swift; sourceTree = "<group>"; };
		BCA575042A5CCFBF0029ECB1 /* Assets.xcassets */ = {isa = PBXFileReference; lastKnownFileType = folder.assetcatalog; path = Assets.xcassets; sourceTree = "<group>"; };
		BCA575062A5CCFBF0029ECB1 /* Info.plist */ = {isa = PBXFileReference; lastKnownFileType = text.plist.xml; path = Info.plist; sourceTree = "<group>"; };
		BCAE90262B8AB8E0003C1EBE /* TestPlan-UI.xctestplan */ = {isa = PBXFileReference; lastKnownFileType = text; path = "TestPlan-UI.xctestplan"; sourceTree = "<group>"; };
		BCAE90272B8AC630003C1EBE /* Coffee Shop App.entitlements */ = {isa = PBXFileReference; lastKnownFileType = text.plist.entitlements; path = "Coffee Shop App.entitlements"; sourceTree = "<group>"; };
		BCAEBB262B21459F002CE7A2 /* RepeatOrderIntent.swift */ = {isa = PBXFileReference; lastKnownFileType = sourcecode.swift; path = RepeatOrderIntent.swift; sourceTree = "<group>"; };
		BCAFD8E82B3A007300541CD9 /* AppError.swift */ = {isa = PBXFileReference; lastKnownFileType = sourcecode.swift; path = AppError.swift; sourceTree = "<group>"; };
		BCB63BF02A4B94AA0045B17E /* Assets.xcassets */ = {isa = PBXFileReference; lastKnownFileType = folder.assetcatalog; path = Assets.xcassets; sourceTree = "<group>"; };
		BCB63BF22A4B94AA0045B17E /* CustomButton.swift */ = {isa = PBXFileReference; fileEncoding = 4; lastKnownFileType = sourcecode.swift; path = CustomButton.swift; sourceTree = "<group>"; };
		BCB63BF42A4B94AA0045B17E /* Order.swift */ = {isa = PBXFileReference; fileEncoding = 4; lastKnownFileType = sourcecode.swift; path = Order.swift; sourceTree = "<group>"; };
		BCB63BF52A4B94AA0045B17E /* Coffee.swift */ = {isa = PBXFileReference; fileEncoding = 4; lastKnownFileType = sourcecode.swift; path = Coffee.swift; sourceTree = "<group>"; };
		BCB63BF72A4B94AA0045B17E /* Preview Assets.xcassets */ = {isa = PBXFileReference; lastKnownFileType = folder.assetcatalog; path = "Preview Assets.xcassets"; sourceTree = "<group>"; };
		BCB63BF82A4B94AA0045B17E /* CoffeeShopDemoApp.swift */ = {isa = PBXFileReference; fileEncoding = 4; lastKnownFileType = sourcecode.swift; path = CoffeeShopDemoApp.swift; sourceTree = "<group>"; };
		BCB63BFA2A4B94AA0045B17E /* HomeView.swift */ = {isa = PBXFileReference; fileEncoding = 4; lastKnownFileType = sourcecode.swift; path = HomeView.swift; sourceTree = "<group>"; };
		BCB63BFC2A4B94AA0045B17E /* OrderConfirmationView.swift */ = {isa = PBXFileReference; fileEncoding = 4; lastKnownFileType = sourcecode.swift; path = OrderConfirmationView.swift; sourceTree = "<group>"; };
		BCB63C062A4B99DF0045B17E /* Localizable.xcstrings */ = {isa = PBXFileReference; lastKnownFileType = text.json.xcstrings; path = Localizable.xcstrings; sourceTree = "<group>"; };
		BCC52FD42B28E9470017C94F /* IconAnimationView.swift */ = {isa = PBXFileReference; lastKnownFileType = sourcecode.swift; path = IconAnimationView.swift; sourceTree = "<group>"; };
		BCC779E32A4E4E4300F5539F /* Food.swift */ = {isa = PBXFileReference; lastKnownFileType = sourcecode.swift; path = Food.swift; sourceTree = "<group>"; };
		BCC779E52A4E4F0300F5539F /* MenuItem.swift */ = {isa = PBXFileReference; lastKnownFileType = sourcecode.swift; path = MenuItem.swift; sourceTree = "<group>"; };
		BCCD01092AC0DAE700041327 /* ContainerView.swift */ = {isa = PBXFileReference; lastKnownFileType = sourcecode.swift; path = ContainerView.swift; sourceTree = "<group>"; };
		BCE8D3082B84CE1A00FEC043 /* TestPlan-Unit.xctestplan */ = {isa = PBXFileReference; lastKnownFileType = text; path = "TestPlan-Unit.xctestplan"; sourceTree = "<group>"; };
		BCF37BA42A5217010098F557 /* MenuDetailsView.swift */ = {isa = PBXFileReference; lastKnownFileType = sourcecode.swift; path = MenuDetailsView.swift; sourceTree = "<group>"; };
		BCF4BEAA2B1FED7600F8A7AA /* CoffeeShopWidget.swift */ = {isa = PBXFileReference; lastKnownFileType = sourcecode.swift; path = CoffeeShopWidget.swift; sourceTree = "<group>"; };
		BCF4BEAF2B1FEFEF00F8A7AA /* CoffeeOrder.swift */ = {isa = PBXFileReference; lastKnownFileType = sourcecode.swift; path = CoffeeOrder.swift; sourceTree = "<group>"; };
		BCF4BEB22B1FF16E00F8A7AA /* LastOrderView.swift */ = {isa = PBXFileReference; lastKnownFileType = sourcecode.swift; path = LastOrderView.swift; sourceTree = "<group>"; };
		BCF4BEB42B1FF46700F8A7AA /* CoffeeProvider.swift */ = {isa = PBXFileReference; lastKnownFileType = sourcecode.swift; path = CoffeeProvider.swift; sourceTree = "<group>"; };
		BCFF50352B6699A400011A7A /* CoffeeShopAppTests.xctest */ = {isa = PBXFileReference; explicitFileType = wrapper.cfbundle; includeInIndex = 0; path = CoffeeShopAppTests.xctest; sourceTree = BUILT_PRODUCTS_DIR; };
		BCFF50372B6699A400011A7A /* OrderTests.swift */ = {isa = PBXFileReference; lastKnownFileType = sourcecode.swift; path = OrderTests.swift; sourceTree = "<group>"; };
/* End PBXFileReference section */

/* Begin PBXFrameworksBuildPhase section */
		BC6C772F2A48DAE80012E96F /* Frameworks */ = {
			isa = PBXFrameworksBuildPhase;
			buildActionMask = 2147483647;
			files = (
				BC1178542B929D6D001C3CE0 /* OpenAPIRuntime in Frameworks */,
				BC1178572B929DCD001C3CE0 /* OpenAPIURLSession in Frameworks */,
				BCE282CF2B474D5C009E4AA5 /* HKLogger in Frameworks */,
			);
			runOnlyForDeploymentPostprocessing = 0;
		};
		BC7761542B7107540042FDB2 /* Frameworks */ = {
			isa = PBXFrameworksBuildPhase;
			buildActionMask = 2147483647;
			files = (
			);
			runOnlyForDeploymentPostprocessing = 0;
		};
		BCA574F42A5CCFBD0029ECB1 /* Frameworks */ = {
			isa = PBXFrameworksBuildPhase;
			buildActionMask = 2147483647;
			files = (
				BCA574FC2A5CCFBD0029ECB1 /* SwiftUI.framework in Frameworks */,
				BCE282D12B474D6D009E4AA5 /* HKLogger in Frameworks */,
				BCA574FA2A5CCFBD0029ECB1 /* WidgetKit.framework in Frameworks */,
			);
			runOnlyForDeploymentPostprocessing = 0;
		};
		BCFF50322B6699A400011A7A /* Frameworks */ = {
			isa = PBXFrameworksBuildPhase;
			buildActionMask = 2147483647;
			files = (
			);
			runOnlyForDeploymentPostprocessing = 0;
		};
/* End PBXFrameworksBuildPhase section */

/* Begin PBXGroup section */
		BC10F7FB2B489B59004F1807 /* ViewModels */ = {
			isa = PBXGroup;
			children = (
				BC10F7FC2B489B75004F1807 /* ConfirmationViewModel.swift */,
			);
			path = ViewModels;
			sourceTree = "<group>";
		};
		BC1178452B929AA6001C3CE0 /* API */ = {
			isa = PBXGroup;
			children = (
				BC11784A2B929B31001C3CE0 /* openapi.yaml */,
				BC1178482B929B16001C3CE0 /* openapi-generator-config.yaml */,
				BC11785F2B92A4DB001C3CE0 /* ApiClient.swift */,
			);
			path = API;
			sourceTree = "<group>";
		};
		BC2A20EA2B59FADC00B36ADD /* Charts */ = {
			isa = PBXGroup;
			children = (
				BC2A20EB2B59FAE800B36ADD /* OverallData.swift */,
				BC2A20ED2B59FAF900B36ADD /* CoffeeData.swift */,
				BC5151052B5DC0CB00C1121A /* DemoCoffeeData.swift */,
			);
			path = Charts;
			sourceTree = "<group>";
		};
		BC35CD072B7509E6000AACCB /* Utils */ = {
			isa = PBXGroup;
			children = (
				BC35CD082B7509FC000AACCB /* Identifiers.swift */,
				BC35CD0B2B7519C0000AACCB /* XCUApplication.swift */,
			);
			path = Utils;
			sourceTree = "<group>";
		};
		BC368FC62B88D7E700DA4492 /* Test Plans */ = {
			isa = PBXGroup;
			children = (
				BCE8D3082B84CE1A00FEC043 /* TestPlan-Unit.xctestplan */,
				BCAE90262B8AB8E0003C1EBE /* TestPlan-UI.xctestplan */,
			);
			path = "Test Plans";
			sourceTree = "<group>";
		};
		BC450A492B41A9CF0072F8EB /* Errors */ = {
			isa = PBXGroup;
			children = (
				BCAFD8E82B3A007300541CD9 /* AppError.swift */,
				BC450A4A2B41A9DA0072F8EB /* GeneralError.swift */,
				BC450A4E2B41D1B50072F8EB /* OrderError.swift */,
				BC982AAA2B4430AC00382406 /* NetworkErrors.swift */,
			);
			path = Errors;
			sourceTree = "<group>";
		};
		BC6C77292A48DAE80012E96F = {
			isa = PBXGroup;
			children = (
				BCAE90272B8AC630003C1EBE /* Coffee Shop App.entitlements */,
				BC368FC62B88D7E700DA4492 /* Test Plans */,
				BCB63BEF2A4B94AA0045B17E /* CoffeeShopDemo */,
				BCA574FD2A5CCFBD0029ECB1 /* Coffee Shop Widget */,
				BCFF50362B6699A400011A7A /* CoffeeShopAppTests */,
				BC7761582B7107540042FDB2 /* CoffeeShopAppUITests */,
				BCA574F82A5CCFBD0029ECB1 /* Frameworks */,
				BC6C77332A48DAE80012E96F /* Products */,
			);
			sourceTree = "<group>";
		};
		BC6C77332A48DAE80012E96F /* Products */ = {
			isa = PBXGroup;
			children = (
				BC6C77322A48DAE80012E96F /* Coffee Shop App.app */,
				BCA574F72A5CCFBD0029ECB1 /* Coffee Shop WidgetExtension.appex */,
				BCFF50352B6699A400011A7A /* CoffeeShopAppTests.xctest */,
				BC7761572B7107540042FDB2 /* CoffeeShopAppUITests.xctest */,
			);
			name = Products;
			sourceTree = "<group>";
		};
		BC6FEBC32B09945A002AAC3C /* UI */ = {
			isa = PBXGroup;
			children = (
				BCB63BF22A4B94AA0045B17E /* CustomButton.swift */,
				BC6FEBC42B099475002AAC3C /* CircleButton.swift */,
				BC4DF4452B2F955500C78E13 /* CardView.swift */,
				BC450A472B40D9AE0072F8EB /* Alert+Extension.swift */,
			);
			path = UI;
			sourceTree = "<group>";
		};
		BC7761582B7107540042FDB2 /* CoffeeShopAppUITests */ = {
			isa = PBXGroup;
			children = (
				BC35CD072B7509E6000AACCB /* Utils */,
				BC7761592B7107540042FDB2 /* CoffeeShopAppUITests.swift */,
			);
			path = CoffeeShopAppUITests;
			sourceTree = "<group>";
		};
		BC8E9B752AC1009B00695DC4 /* Tips */ = {
			isa = PBXGroup;
			children = (
				BC8E9B762AC100AD00695DC4 /* HistoryTip.swift */,
			);
			path = Tips;
			sourceTree = "<group>";
		};
		BC940B1D2A69F2CB00D2C6B0 /* Managers */ = {
			isa = PBXGroup;
			children = (
				BC940B1E2A69F2DA00D2C6B0 /* LiveActivityManager.swift */,
				BC9306682ABCF4190095317F /* OrdersManager.swift */,
			);
			path = Managers;
			sourceTree = "<group>";
		};
		BCA0AA102B531797005B363F /* Charts */ = {
			isa = PBXGroup;
			children = (
				BC5151032B5DBFE600C1121A /* BarChart.swift */,
				BCA0AA112B5317A5005B363F /* CoffeeChart.swift */,
			);
			path = Charts;
			sourceTree = "<group>";
		};
		BCA574F82A5CCFBD0029ECB1 /* Frameworks */ = {
			isa = PBXGroup;
			children = (
				BCA574F92A5CCFBD0029ECB1 /* WidgetKit.framework */,
				BCA574FB2A5CCFBD0029ECB1 /* SwiftUI.framework */,
			);
			name = Frameworks;
			sourceTree = "<group>";
		};
		BCA574FD2A5CCFBD0029ECB1 /* Coffee Shop Widget */ = {
			isa = PBXGroup;
			children = (
				BCA574FE2A5CCFBD0029ECB1 /* CoffeeShopWidgetBundle.swift */,
				BCF4BEB12B1FF14C00F8A7AA /* Views */,
				BCF4BEAD2B1FEEEA00F8A7AA /* Widgets */,
				BCF4BEAC2B1FEEE400F8A7AA /* Providers */,
				BCF4BEAE2B1FEFE100F8A7AA /* Entries */,
				BCF4BEB92B1FFA8700F8A7AA /* Resources */,
			);
			path = "Coffee Shop Widget";
			sourceTree = "<group>";
		};
		BCAEBB282B2145A2002CE7A2 /* Intents */ = {
			isa = PBXGroup;
			children = (
				BCAEBB262B21459F002CE7A2 /* RepeatOrderIntent.swift */,
			);
			path = Intents;
			sourceTree = "<group>";
		};
		BCB63BEF2A4B94AA0045B17E /* CoffeeShopDemo */ = {
			isa = PBXGroup;
			children = (
				BCB63BF82A4B94AA0045B17E /* CoffeeShopDemoApp.swift */,
				BC940B252A69FEBA00D2C6B0 /* AppDelegate.swift */,
				BC1178452B929AA6001C3CE0 /* API */,
				BCB63BF92A4B94AA0045B17E /* Views */,
				BC10F7FB2B489B59004F1807 /* ViewModels */,
				BCB63BF32A4B94AA0045B17E /* Models */,
				BC940B1D2A69F2CB00D2C6B0 /* Managers */,
				BC8E9B752AC1009B00695DC4 /* Tips */,
				BCAEBB282B2145A2002CE7A2 /* Intents */,
				BCA0AA102B531797005B363F /* Charts */,
				BCB63C082A4B9A0C0045B17E /* Resources */,
				BCB63BF12A4B94AA0045B17E /* Utils */,
				BCB63BF62A4B94AA0045B17E /* Preview Content */,
			);
			path = CoffeeShopDemo;
			sourceTree = "<group>";
		};
		BCB63BF12A4B94AA0045B17E /* Utils */ = {
			isa = PBXGroup;
			children = (
				BC6FEBC32B09945A002AAC3C /* UI */,
				BC93066A2ABCF6A90095317F /* Router.swift */,
				BC93066C2ABCFD2B0095317F /* Notification+Utils.swift */,
				BC1F6C902B044B7300B05B2C /* CLLocationCoordinate2D.swift */,
				BC46CB8B2B053C97002E4544 /* MKCoordinateRegion.swift */,
				BC4DF4492B2FA7CE00C78E13 /* CommonUtils.swift */,
				BCA0AA152B5450E2005B363F /* Date+Utils.swift */,
			);
			path = Utils;
			sourceTree = "<group>";
		};
		BCB63BF32A4B94AA0045B17E /* Models */ = {
			isa = PBXGroup;
			children = (
				BC2A20EA2B59FADC00B36ADD /* Charts */,
				BC450A492B41A9CF0072F8EB /* Errors */,
				BCB63BF42A4B94AA0045B17E /* Order.swift */,
				BCB63BF52A4B94AA0045B17E /* Coffee.swift */,
				BCC779E32A4E4E4300F5539F /* Food.swift */,
				BCC779E52A4E4F0300F5539F /* MenuItem.swift */,
				BC940B202A69F33500D2C6B0 /* OrderAttributes.swift */,
				BC6FEBC62B09BB1A002AAC3C /* LocationModel.swift */,
				BC4DF44B2B2FAAE500C78E13 /* AppIcon.swift */,
				BC450A4C2B41AB320072F8EB /* Constants.swift */,
			);
			path = Models;
			sourceTree = "<group>";
		};
		BCB63BF62A4B94AA0045B17E /* Preview Content */ = {
			isa = PBXGroup;
			children = (
				BCB63BF72A4B94AA0045B17E /* Preview Assets.xcassets */,
			);
			path = "Preview Content";
			sourceTree = "<group>";
		};
		BCB63BF92A4B94AA0045B17E /* Views */ = {
			isa = PBXGroup;
			children = (
				BCC52FD62B28EB180017C94F /* IconAnimation */,
				BCB63BFA2A4B94AA0045B17E /* HomeView.swift */,
				BCB63BFC2A4B94AA0045B17E /* OrderConfirmationView.swift */,
				BCF37BA42A5217010098F557 /* MenuDetailsView.swift */,
				BC35025F2ABB8448001D0D95 /* OrderHistoryView.swift */,
				BCCD01092AC0DAE700041327 /* ContainerView.swift */,
				BC1F6C8E2B0449AF00B05B2C /* MapContainerView.swift */,
				BC70820D2B13DFB40045D1C1 /* MapDemoView.swift */,
				BC4DF4472B2FA5F700C78E13 /* SettingsView.swift */,
				BC69DFB52B673CE900419760 /* ToggleView.swift */,
			);
			path = Views;
			sourceTree = "<group>";
		};
		BCB63C082A4B9A0C0045B17E /* Resources */ = {
			isa = PBXGroup;
			children = (
				BCB63BF02A4B94AA0045B17E /* Assets.xcassets */,
				BCB63C062A4B99DF0045B17E /* Localizable.xcstrings */,
				BC940B232A69F77000D2C6B0 /* Info.plist */,
			);
			path = Resources;
			sourceTree = "<group>";
		};
		BCC52FD62B28EB180017C94F /* IconAnimation */ = {
			isa = PBXGroup;
			children = (
				BCC52FD42B28E9470017C94F /* IconAnimationView.swift */,
			);
			path = IconAnimation;
			sourceTree = "<group>";
		};
		BCF4BEAC2B1FEEE400F8A7AA /* Providers */ = {
			isa = PBXGroup;
			children = (
				BCF4BEB42B1FF46700F8A7AA /* CoffeeProvider.swift */,
			);
			path = Providers;
			sourceTree = "<group>";
		};
		BCF4BEAD2B1FEEEA00F8A7AA /* Widgets */ = {
			isa = PBXGroup;
			children = (
				BCF4BEAA2B1FED7600F8A7AA /* CoffeeShopWidget.swift */,
				BCA575002A5CCFBD0029ECB1 /* CoffeeShopWidgetLiveActivity.swift */,
			);
			path = Widgets;
			sourceTree = "<group>";
		};
		BCF4BEAE2B1FEFE100F8A7AA /* Entries */ = {
			isa = PBXGroup;
			children = (
				BCF4BEAF2B1FEFEF00F8A7AA /* CoffeeOrder.swift */,
			);
			path = Entries;
			sourceTree = "<group>";
		};
		BCF4BEB12B1FF14C00F8A7AA /* Views */ = {
			isa = PBXGroup;
			children = (
				BCF4BEB22B1FF16E00F8A7AA /* LastOrderView.swift */,
			);
			path = Views;
			sourceTree = "<group>";
		};
		BCF4BEB92B1FFA8700F8A7AA /* Resources */ = {
			isa = PBXGroup;
			children = (
				BCA575042A5CCFBF0029ECB1 /* Assets.xcassets */,
				BCA575062A5CCFBF0029ECB1 /* Info.plist */,
			);
			path = Resources;
			sourceTree = "<group>";
		};
		BCFF50362B6699A400011A7A /* CoffeeShopAppTests */ = {
			isa = PBXGroup;
			children = (
				BCFF50372B6699A400011A7A /* OrderTests.swift */,
			);
			path = CoffeeShopAppTests;
			sourceTree = "<group>";
		};
/* End PBXGroup section */

/* Begin PBXNativeTarget section */
		BC6C77312A48DAE80012E96F /* Coffee Shop App */ = {
			isa = PBXNativeTarget;
			buildConfigurationList = BC6C77402A48DAE90012E96F /* Build configuration list for PBXNativeTarget "Coffee Shop App" */;
			buildPhases = (
				BC6C772E2A48DAE80012E96F /* Sources */,
				BC6C772F2A48DAE80012E96F /* Frameworks */,
				BC6C77302A48DAE80012E96F /* Resources */,
				BCA5750D2A5CCFBF0029ECB1 /* Embed Foundation Extensions */,
			);
			buildRules = (
			);
			dependencies = (
				BC190FE52BB2F70500E0462E /* PBXTargetDependency */,
				BCA575082A5CCFBF0029ECB1 /* PBXTargetDependency */,
			);
			name = "Coffee Shop App";
			packageProductDependencies = (
				BCE282CE2B474D5C009E4AA5 /* HKLogger */,
				BC1178532B929D6D001C3CE0 /* OpenAPIRuntime */,
				BC1178562B929DCD001C3CE0 /* OpenAPIURLSession */,
			);
			productName = "automatic-grammar-agreement-demo";
			productReference = BC6C77322A48DAE80012E96F /* Coffee Shop App.app */;
			productType = "com.apple.product-type.application";
		};
		BC7761562B7107540042FDB2 /* CoffeeShopAppUITests */ = {
			isa = PBXNativeTarget;
			buildConfigurationList = BC7761612B7107540042FDB2 /* Build configuration list for PBXNativeTarget "CoffeeShopAppUITests" */;
			buildPhases = (
				BC7761532B7107540042FDB2 /* Sources */,
				BC7761542B7107540042FDB2 /* Frameworks */,
				BC7761552B7107540042FDB2 /* Resources */,
			);
			buildRules = (
			);
			dependencies = (
				BC77615E2B7107540042FDB2 /* PBXTargetDependency */,
			);
			name = CoffeeShopAppUITests;
			productName = CoffeeShopAppUITests;
			productReference = BC7761572B7107540042FDB2 /* CoffeeShopAppUITests.xctest */;
			productType = "com.apple.product-type.bundle.ui-testing";
		};
		BCA574F62A5CCFBD0029ECB1 /* Coffee Shop WidgetExtension */ = {
			isa = PBXNativeTarget;
			buildConfigurationList = BCA5750A2A5CCFBF0029ECB1 /* Build configuration list for PBXNativeTarget "Coffee Shop WidgetExtension" */;
			buildPhases = (
				BCA574F32A5CCFBD0029ECB1 /* Sources */,
				BCA574F42A5CCFBD0029ECB1 /* Frameworks */,
				BCA574F52A5CCFBD0029ECB1 /* Resources */,
			);
			buildRules = (
			);
			dependencies = (
			);
			name = "Coffee Shop WidgetExtension";
			packageProductDependencies = (
				BCE282D02B474D6D009E4AA5 /* HKLogger */,
			);
			productName = "Coffee Shop WidgetExtension";
			productReference = BCA574F72A5CCFBD0029ECB1 /* Coffee Shop WidgetExtension.appex */;
			productType = "com.apple.product-type.app-extension";
		};
		BCFF50342B6699A400011A7A /* CoffeeShopAppTests */ = {
			isa = PBXNativeTarget;
			buildConfigurationList = BCFF503D2B6699A400011A7A /* Build configuration list for PBXNativeTarget "CoffeeShopAppTests" */;
			buildPhases = (
				BCFF50312B6699A400011A7A /* Sources */,
				BCFF50322B6699A400011A7A /* Frameworks */,
				BCFF50332B6699A400011A7A /* Resources */,
			);
			buildRules = (
			);
			dependencies = (
				BCFF503A2B6699A400011A7A /* PBXTargetDependency */,
			);
			name = CoffeeShopAppTests;
			productName = CoffeeShopAppTests;
			productReference = BCFF50352B6699A400011A7A /* CoffeeShopAppTests.xctest */;
			productType = "com.apple.product-type.bundle.unit-test";
		};
/* End PBXNativeTarget section */

/* Begin PBXProject section */
		BC6C772A2A48DAE80012E96F /* Project object */ = {
			isa = PBXProject;
			attributes = {
				BuildIndependentTargetsInParallel = 1;
				LastSwiftUpdateCheck = 1500;
				LastUpgradeCheck = 1500;
				TargetAttributes = {
					BC6C77312A48DAE80012E96F = {
						CreatedOnToolsVersion = 15.0;
					};
					BC7761562B7107540042FDB2 = {
						CreatedOnToolsVersion = 15.0;
						TestTargetID = BC6C77312A48DAE80012E96F;
					};
					BCA574F62A5CCFBD0029ECB1 = {
						CreatedOnToolsVersion = 15.0;
					};
					BCFF50342B6699A400011A7A = {
						CreatedOnToolsVersion = 15.0;
						TestTargetID = BC6C77312A48DAE80012E96F;
					};
				};
			};
			buildConfigurationList = BC6C772D2A48DAE80012E96F /* Build configuration list for PBXProject "coffee-shop-demo" */;
			compatibilityVersion = "Xcode 14.0";
			developmentRegion = en;
			hasScannedForEncodings = 0;
			knownRegions = (
				en,
				Base,
				es,
			);
			mainGroup = BC6C77292A48DAE80012E96F;
			packageReferences = (
				BCE282CD2B474D5C009E4AA5 /* XCRemoteSwiftPackageReference "hklogger" */,
				BC1178522B929D6D001C3CE0 /* XCRemoteSwiftPackageReference "swift-openapi-runtime" */,
				BC1178552B929DCD001C3CE0 /* XCRemoteSwiftPackageReference "swift-openapi-urlsession" */,
				BC11785E2B92A0CF001C3CE0 /* XCRemoteSwiftPackageReference "swift-openapi-generator" */,
			);
			productRefGroup = BC6C77332A48DAE80012E96F /* Products */;
			projectDirPath = "";
			projectRoot = "";
			targets = (
				BC6C77312A48DAE80012E96F /* Coffee Shop App */,
				BCA574F62A5CCFBD0029ECB1 /* Coffee Shop WidgetExtension */,
				BCFF50342B6699A400011A7A /* CoffeeShopAppTests */,
				BC7761562B7107540042FDB2 /* CoffeeShopAppUITests */,
			);
		};
/* End PBXProject section */

/* Begin PBXResourcesBuildPhase section */
		BC6C77302A48DAE80012E96F /* Resources */ = {
			isa = PBXResourcesBuildPhase;
			buildActionMask = 2147483647;
			files = (
				BCB63C012A4B94AA0045B17E /* Preview Assets.xcassets in Resources */,
				BCB63BFD2A4B94AA0045B17E /* Assets.xcassets in Resources */,
				BCB63C072A4B99DF0045B17E /* Localizable.xcstrings in Resources */,
				BC1178492B929B16001C3CE0 /* openapi-generator-config.yaml in Resources */,
				BC11784B2B929B31001C3CE0 /* openapi.yaml in Resources */,
			);
			runOnlyForDeploymentPostprocessing = 0;
		};
		BC7761552B7107540042FDB2 /* Resources */ = {
			isa = PBXResourcesBuildPhase;
			buildActionMask = 2147483647;
			files = (
			);
			runOnlyForDeploymentPostprocessing = 0;
		};
		BCA574F52A5CCFBD0029ECB1 /* Resources */ = {
			isa = PBXResourcesBuildPhase;
			buildActionMask = 2147483647;
			files = (
				BCA575052A5CCFBF0029ECB1 /* Assets.xcassets in Resources */,
			);
			runOnlyForDeploymentPostprocessing = 0;
		};
		BCFF50332B6699A400011A7A /* Resources */ = {
			isa = PBXResourcesBuildPhase;
			buildActionMask = 2147483647;
			files = (
			);
			runOnlyForDeploymentPostprocessing = 0;
		};
/* End PBXResourcesBuildPhase section */

/* Begin PBXSourcesBuildPhase section */
		BC6C772E2A48DAE80012E96F /* Sources */ = {
			isa = PBXSourcesBuildPhase;
			buildActionMask = 2147483647;
			files = (
				BCAEBB272B21459F002CE7A2 /* RepeatOrderIntent.swift in Sources */,
				BC450A4D2B41AB320072F8EB /* Constants.swift in Sources */,
				BC4DF4462B2F955500C78E13 /* CardView.swift in Sources */,
				BC2A20EC2B59FAE800B36ADD /* OverallData.swift in Sources */,
				BC450A4B2B41A9DA0072F8EB /* GeneralError.swift in Sources */,
				BCB63C052A4B94AA0045B17E /* OrderConfirmationView.swift in Sources */,
				BCA0AA162B5450E2005B363F /* Date+Utils.swift in Sources */,
				BCA0AA122B5317A5005B363F /* CoffeeChart.swift in Sources */,
				BCB63BFF2A4B94AA0045B17E /* Order.swift in Sources */,
				BC5151042B5DBFE600C1121A /* BarChart.swift in Sources */,
				BC940B212A69F33500D2C6B0 /* OrderAttributes.swift in Sources */,
				BCC52FD52B28E9470017C94F /* IconAnimationView.swift in Sources */,
				BC1178602B92A4DB001C3CE0 /* ApiClient.swift in Sources */,
				BC6FEBC72B09BB1A002AAC3C /* LocationModel.swift in Sources */,
				BC35CD0A2B750A40000AACCB /* Identifiers.swift in Sources */,
				BCB63BFE2A4B94AA0045B17E /* CustomButton.swift in Sources */,
				BCB63C002A4B94AA0045B17E /* Coffee.swift in Sources */,
				BC940B1F2A69F2DA00D2C6B0 /* LiveActivityManager.swift in Sources */,
				BC69DFB62B673CE900419760 /* ToggleView.swift in Sources */,
				BC93066D2ABCFD2B0095317F /* Notification+Utils.swift in Sources */,
				BCF37BA52A5217010098F557 /* MenuDetailsView.swift in Sources */,
				BC4DF44A2B2FA7CE00C78E13 /* CommonUtils.swift in Sources */,
				BC5151062B5DC0CB00C1121A /* DemoCoffeeData.swift in Sources */,
				BCAFD8E92B3A007300541CD9 /* AppError.swift in Sources */,
				BC93066B2ABCF6A90095317F /* Router.swift in Sources */,
				BC982AAB2B4430AC00382406 /* NetworkErrors.swift in Sources */,
				BC70820E2B13DFB40045D1C1 /* MapDemoView.swift in Sources */,
				BC450A482B40D9AE0072F8EB /* Alert+Extension.swift in Sources */,
				BC1F6C8F2B0449AF00B05B2C /* MapContainerView.swift in Sources */,
				BCCD010A2AC0DAE700041327 /* ContainerView.swift in Sources */,
				BC8E9B772AC100AD00695DC4 /* HistoryTip.swift in Sources */,
				BC940B262A69FEBA00D2C6B0 /* AppDelegate.swift in Sources */,
				BC1F6C912B044B7300B05B2C /* CLLocationCoordinate2D.swift in Sources */,
				BC4DF44C2B2FAAE500C78E13 /* AppIcon.swift in Sources */,
				BC46CB8C2B053C97002E4544 /* MKCoordinateRegion.swift in Sources */,
				BC9306692ABCF4190095317F /* OrdersManager.swift in Sources */,
				BC4DF4482B2FA5F700C78E13 /* SettingsView.swift in Sources */,
				BCC779E42A4E4E4300F5539F /* Food.swift in Sources */,
				BC450A4F2B41D1B50072F8EB /* OrderError.swift in Sources */,
				BC2A20EE2B59FAF900B36ADD /* CoffeeData.swift in Sources */,
				BC6FEBC52B099475002AAC3C /* CircleButton.swift in Sources */,
				BCC779E62A4E4F0300F5539F /* MenuItem.swift in Sources */,
				BCB63C032A4B94AA0045B17E /* HomeView.swift in Sources */,
				BC3502602ABB8448001D0D95 /* OrderHistoryView.swift in Sources */,
				BCB63C022A4B94AA0045B17E /* CoffeeShopDemoApp.swift in Sources */,
				BC10F7FD2B489B75004F1807 /* ConfirmationViewModel.swift in Sources */,
			);
			runOnlyForDeploymentPostprocessing = 0;
		};
		BC7761532B7107540042FDB2 /* Sources */ = {
			isa = PBXSourcesBuildPhase;
			buildActionMask = 2147483647;
			files = (
				BC35CD092B7509FC000AACCB /* Identifiers.swift in Sources */,
				BC77615A2B7107540042FDB2 /* CoffeeShopAppUITests.swift in Sources */,
				BC35CD0C2B7519C0000AACCB /* XCUApplication.swift in Sources */,
			);
			runOnlyForDeploymentPostprocessing = 0;
		};
		BCA574F32A5CCFBD0029ECB1 /* Sources */ = {
			isa = PBXSourcesBuildPhase;
			buildActionMask = 2147483647;
			files = (
				BCF4BEB82B1FF9E100F8A7AA /* OrderAttributes.swift in Sources */,
				BCAEBB292B215A3A002CE7A2 /* RepeatOrderIntent.swift in Sources */,
				BC450A502B41F0860072F8EB /* AppError.swift in Sources */,
				BCAEBB2B2B215A48002CE7A2 /* Order.swift in Sources */,
				BCF4BEB52B1FF46700F8A7AA /* CoffeeProvider.swift in Sources */,
				BCF4BEB02B1FEFEF00F8A7AA /* CoffeeOrder.swift in Sources */,
				BCAEBB2A2B215A3F002CE7A2 /* OrdersManager.swift in Sources */,
				BC450A512B41F0900072F8EB /* Constants.swift in Sources */,
				BCA575012A5CCFBD0029ECB1 /* CoffeeShopWidgetLiveActivity.swift in Sources */,
				BCF4BEB32B1FF16E00F8A7AA /* LastOrderView.swift in Sources */,
				BCAEBB2C2B215A4B002CE7A2 /* MenuItem.swift in Sources */,
				BCAEBB2E2B215A5F002CE7A2 /* Food.swift in Sources */,
				BCA574FF2A5CCFBD0029ECB1 /* CoffeeShopWidgetBundle.swift in Sources */,
				BCF4BEAB2B1FED7600F8A7AA /* CoffeeShopWidget.swift in Sources */,
				BCEE1A1F2B22274500DA0967 /* LiveActivityManager.swift in Sources */,
				BCAEBB2D2B215A53002CE7A2 /* Coffee.swift in Sources */,
				BC450A522B41F0950072F8EB /* OrderError.swift in Sources */,
				BC982AAC2B4430AC00382406 /* NetworkErrors.swift in Sources */,
			);
			runOnlyForDeploymentPostprocessing = 0;
		};
		BCFF50312B6699A400011A7A /* Sources */ = {
			isa = PBXSourcesBuildPhase;
			buildActionMask = 2147483647;
			files = (
				BCFF50382B6699A400011A7A /* OrderTests.swift in Sources */,
			);
			runOnlyForDeploymentPostprocessing = 0;
		};
/* End PBXSourcesBuildPhase section */

/* Begin PBXTargetDependency section */
		BC190FE52BB2F70500E0462E /* PBXTargetDependency */ = {
			isa = PBXTargetDependency;
			productRef = BC190FE42BB2F70500E0462E /* OpenAPIGenerator */;
		};
		BC77615E2B7107540042FDB2 /* PBXTargetDependency */ = {
			isa = PBXTargetDependency;
			target = BC6C77312A48DAE80012E96F /* Coffee Shop App */;
			targetProxy = BC77615D2B7107540042FDB2 /* PBXContainerItemProxy */;
		};
		BCA575082A5CCFBF0029ECB1 /* PBXTargetDependency */ = {
			isa = PBXTargetDependency;
			target = BCA574F62A5CCFBD0029ECB1 /* Coffee Shop WidgetExtension */;
			targetProxy = BCA575072A5CCFBF0029ECB1 /* PBXContainerItemProxy */;
		};
		BCFF503A2B6699A400011A7A /* PBXTargetDependency */ = {
			isa = PBXTargetDependency;
			target = BC6C77312A48DAE80012E96F /* Coffee Shop App */;
			targetProxy = BCFF50392B6699A400011A7A /* PBXContainerItemProxy */;
		};
/* End PBXTargetDependency section */

/* Begin XCBuildConfiguration section */
		BC6C773E2A48DAE90012E96F /* Debug */ = {
			isa = XCBuildConfiguration;
			buildSettings = {
				ALWAYS_SEARCH_USER_PATHS = NO;
				ASSETCATALOG_COMPILER_GENERATE_SWIFT_ASSET_SYMBOL_EXTENSIONS = YES;
				ASSETCATALOG_COMPILER_INCLUDE_ALL_APPICON_ASSETS = YES;
				CLANG_ANALYZER_NONNULL = YES;
				CLANG_ANALYZER_NUMBER_OBJECT_CONVERSION = YES_AGGRESSIVE;
				CLANG_CXX_LANGUAGE_STANDARD = "gnu++20";
				CLANG_ENABLE_MODULES = YES;
				CLANG_ENABLE_OBJC_ARC = YES;
				CLANG_ENABLE_OBJC_WEAK = YES;
				CLANG_WARN_BLOCK_CAPTURE_AUTORELEASING = YES;
				CLANG_WARN_BOOL_CONVERSION = YES;
				CLANG_WARN_COMMA = YES;
				CLANG_WARN_CONSTANT_CONVERSION = YES;
				CLANG_WARN_DEPRECATED_OBJC_IMPLEMENTATIONS = YES;
				CLANG_WARN_DIRECT_OBJC_ISA_USAGE = YES_ERROR;
				CLANG_WARN_DOCUMENTATION_COMMENTS = YES;
				CLANG_WARN_EMPTY_BODY = YES;
				CLANG_WARN_ENUM_CONVERSION = YES;
				CLANG_WARN_INFINITE_RECURSION = YES;
				CLANG_WARN_INT_CONVERSION = YES;
				CLANG_WARN_NON_LITERAL_NULL_CONVERSION = YES;
				CLANG_WARN_OBJC_IMPLICIT_RETAIN_SELF = YES;
				CLANG_WARN_OBJC_LITERAL_CONVERSION = YES;
				CLANG_WARN_OBJC_ROOT_CLASS = YES_ERROR;
				CLANG_WARN_QUOTED_INCLUDE_IN_FRAMEWORK_HEADER = YES;
				CLANG_WARN_RANGE_LOOP_ANALYSIS = YES;
				CLANG_WARN_STRICT_PROTOTYPES = YES;
				CLANG_WARN_SUSPICIOUS_MOVE = YES;
				CLANG_WARN_UNGUARDED_AVAILABILITY = YES_AGGRESSIVE;
				CLANG_WARN_UNREACHABLE_CODE = YES;
				CLANG_WARN__DUPLICATE_METHOD_MATCH = YES;
				COPY_PHASE_STRIP = NO;
				DEBUG_INFORMATION_FORMAT = dwarf;
				ENABLE_STRICT_OBJC_MSGSEND = YES;
				ENABLE_TESTABILITY = YES;
				ENABLE_USER_SCRIPT_SANDBOXING = YES;
				GCC_C_LANGUAGE_STANDARD = gnu17;
				GCC_DYNAMIC_NO_PIC = NO;
				GCC_NO_COMMON_BLOCKS = YES;
				GCC_OPTIMIZATION_LEVEL = 0;
				GCC_PREPROCESSOR_DEFINITIONS = (
					"DEBUG=1",
					"$(inherited)",
				);
				GCC_WARN_64_TO_32_BIT_CONVERSION = YES;
				GCC_WARN_ABOUT_RETURN_TYPE = YES_ERROR;
				GCC_WARN_UNDECLARED_SELECTOR = YES;
				GCC_WARN_UNINITIALIZED_AUTOS = YES_AGGRESSIVE;
				GCC_WARN_UNUSED_FUNCTION = YES;
				GCC_WARN_UNUSED_VARIABLE = YES;
				IPHONEOS_DEPLOYMENT_TARGET = 17.0;
				LOCALIZATION_PREFERS_STRING_CATALOGS = YES;
				MTL_ENABLE_DEBUG_INFO = INCLUDE_SOURCE;
				MTL_FAST_MATH = YES;
				ONLY_ACTIVE_ARCH = YES;
				SDKROOT = iphoneos;
				SWIFT_ACTIVE_COMPILATION_CONDITIONS = "DEBUG $(inherited)";
				SWIFT_OPTIMIZATION_LEVEL = "-Onone";
			};
			name = Debug;
		};
		BC6C773F2A48DAE90012E96F /* Release */ = {
			isa = XCBuildConfiguration;
			buildSettings = {
				ALWAYS_SEARCH_USER_PATHS = NO;
				ASSETCATALOG_COMPILER_GENERATE_SWIFT_ASSET_SYMBOL_EXTENSIONS = YES;
				ASSETCATALOG_COMPILER_INCLUDE_ALL_APPICON_ASSETS = YES;
				CLANG_ANALYZER_NONNULL = YES;
				CLANG_ANALYZER_NUMBER_OBJECT_CONVERSION = YES_AGGRESSIVE;
				CLANG_CXX_LANGUAGE_STANDARD = "gnu++20";
				CLANG_ENABLE_MODULES = YES;
				CLANG_ENABLE_OBJC_ARC = YES;
				CLANG_ENABLE_OBJC_WEAK = YES;
				CLANG_WARN_BLOCK_CAPTURE_AUTORELEASING = YES;
				CLANG_WARN_BOOL_CONVERSION = YES;
				CLANG_WARN_COMMA = YES;
				CLANG_WARN_CONSTANT_CONVERSION = YES;
				CLANG_WARN_DEPRECATED_OBJC_IMPLEMENTATIONS = YES;
				CLANG_WARN_DIRECT_OBJC_ISA_USAGE = YES_ERROR;
				CLANG_WARN_DOCUMENTATION_COMMENTS = YES;
				CLANG_WARN_EMPTY_BODY = YES;
				CLANG_WARN_ENUM_CONVERSION = YES;
				CLANG_WARN_INFINITE_RECURSION = YES;
				CLANG_WARN_INT_CONVERSION = YES;
				CLANG_WARN_NON_LITERAL_NULL_CONVERSION = YES;
				CLANG_WARN_OBJC_IMPLICIT_RETAIN_SELF = YES;
				CLANG_WARN_OBJC_LITERAL_CONVERSION = YES;
				CLANG_WARN_OBJC_ROOT_CLASS = YES_ERROR;
				CLANG_WARN_QUOTED_INCLUDE_IN_FRAMEWORK_HEADER = YES;
				CLANG_WARN_RANGE_LOOP_ANALYSIS = YES;
				CLANG_WARN_STRICT_PROTOTYPES = YES;
				CLANG_WARN_SUSPICIOUS_MOVE = YES;
				CLANG_WARN_UNGUARDED_AVAILABILITY = YES_AGGRESSIVE;
				CLANG_WARN_UNREACHABLE_CODE = YES;
				CLANG_WARN__DUPLICATE_METHOD_MATCH = YES;
				COPY_PHASE_STRIP = NO;
				DEBUG_INFORMATION_FORMAT = "dwarf-with-dsym";
				ENABLE_NS_ASSERTIONS = NO;
				ENABLE_STRICT_OBJC_MSGSEND = YES;
				ENABLE_USER_SCRIPT_SANDBOXING = YES;
				GCC_C_LANGUAGE_STANDARD = gnu17;
				GCC_NO_COMMON_BLOCKS = YES;
				GCC_WARN_64_TO_32_BIT_CONVERSION = YES;
				GCC_WARN_ABOUT_RETURN_TYPE = YES_ERROR;
				GCC_WARN_UNDECLARED_SELECTOR = YES;
				GCC_WARN_UNINITIALIZED_AUTOS = YES_AGGRESSIVE;
				GCC_WARN_UNUSED_FUNCTION = YES;
				GCC_WARN_UNUSED_VARIABLE = YES;
				IPHONEOS_DEPLOYMENT_TARGET = 17.0;
				LOCALIZATION_PREFERS_STRING_CATALOGS = YES;
				MTL_ENABLE_DEBUG_INFO = NO;
				MTL_FAST_MATH = YES;
				SDKROOT = iphoneos;
				SWIFT_COMPILATION_MODE = wholemodule;
				VALIDATE_PRODUCT = YES;
			};
			name = Release;
		};
		BC6C77412A48DAE90012E96F /* Debug */ = {
			isa = XCBuildConfiguration;
			buildSettings = {
				ALWAYS_EMBED_SWIFT_STANDARD_LIBRARIES = YES;
				ASSETCATALOG_COMPILER_ALTERNATE_APPICON_NAMES = "";
				ASSETCATALOG_COMPILER_APPICON_NAME = AppIcon;
				ASSETCATALOG_COMPILER_GLOBAL_ACCENT_COLOR_NAME = AccentColor;
				ASSETCATALOG_COMPILER_INCLUDE_ALL_APPICON_ASSETS = YES;
				CODE_SIGN_ENTITLEMENTS = "Coffee Shop App.entitlements";
				CODE_SIGN_STYLE = Automatic;
				CURRENT_PROJECT_VERSION = 1;
				DEVELOPMENT_ASSET_PATHS = "\"CoffeeShopDemo/Preview Content\"";
				DEVELOPMENT_TEAM = "";
				ENABLE_PREVIEWS = YES;
				GENERATE_INFOPLIST_FILE = NO;
				INFOPLIST_FILE = CoffeeShopDemo/Resources/Info.plist;
				INFOPLIST_KEY_UIApplicationSceneManifest_Generation = YES;
				INFOPLIST_KEY_UIApplicationSupportsIndirectInputEvents = YES;
				INFOPLIST_KEY_UILaunchScreen_Generation = YES;
				INFOPLIST_KEY_UISupportedInterfaceOrientations_iPad = "UIInterfaceOrientationPortrait UIInterfaceOrientationPortraitUpsideDown UIInterfaceOrientationLandscapeLeft UIInterfaceOrientationLandscapeRight";
				INFOPLIST_KEY_UISupportedInterfaceOrientations_iPhone = "UIInterfaceOrientationPortrait UIInterfaceOrientationLandscapeLeft UIInterfaceOrientationLandscapeRight";
				LD_RUNPATH_SEARCH_PATHS = (
					"$(inherited)",
					"@executable_path/Frameworks",
				);
				MARKETING_VERSION = 1.1.0;
				PRODUCT_BUNDLE_IDENTIFIER = com.blorenzo.coffeeshop;
				PRODUCT_NAME = "$(TARGET_NAME)";
				SUPPORTED_PLATFORMS = "iphoneos iphonesimulator";
				SUPPORTS_MACCATALYST = NO;
				SUPPORTS_MAC_DESIGNED_FOR_IPHONE_IPAD = NO;
				SUPPORTS_XR_DESIGNED_FOR_IPHONE_IPAD = NO;
				SWIFT_EMIT_LOC_STRINGS = YES;
				SWIFT_VERSION = 5.0;
				TARGETED_DEVICE_FAMILY = 1;
			};
			name = Debug;
		};
		BC6C77422A48DAE90012E96F /* Release */ = {
			isa = XCBuildConfiguration;
			buildSettings = {
				ALWAYS_EMBED_SWIFT_STANDARD_LIBRARIES = YES;
				ASSETCATALOG_COMPILER_ALTERNATE_APPICON_NAMES = "";
				ASSETCATALOG_COMPILER_APPICON_NAME = AppIcon;
				ASSETCATALOG_COMPILER_GLOBAL_ACCENT_COLOR_NAME = AccentColor;
				ASSETCATALOG_COMPILER_INCLUDE_ALL_APPICON_ASSETS = YES;
				CODE_SIGN_ENTITLEMENTS = "Coffee Shop App.entitlements";
				CODE_SIGN_STYLE = Automatic;
				CURRENT_PROJECT_VERSION = 1;
				DEVELOPMENT_ASSET_PATHS = "\"CoffeeShopDemo/Preview Content\"";
				DEVELOPMENT_TEAM = "";
				ENABLE_PREVIEWS = YES;
				GENERATE_INFOPLIST_FILE = NO;
				INFOPLIST_FILE = CoffeeShopDemo/Resources/Info.plist;
				INFOPLIST_KEY_UIApplicationSceneManifest_Generation = YES;
				INFOPLIST_KEY_UIApplicationSupportsIndirectInputEvents = YES;
				INFOPLIST_KEY_UILaunchScreen_Generation = YES;
				INFOPLIST_KEY_UISupportedInterfaceOrientations_iPad = "UIInterfaceOrientationPortrait UIInterfaceOrientationPortraitUpsideDown UIInterfaceOrientationLandscapeLeft UIInterfaceOrientationLandscapeRight";
				INFOPLIST_KEY_UISupportedInterfaceOrientations_iPhone = "UIInterfaceOrientationPortrait UIInterfaceOrientationLandscapeLeft UIInterfaceOrientationLandscapeRight";
				LD_RUNPATH_SEARCH_PATHS = (
					"$(inherited)",
					"@executable_path/Frameworks",
				);
				MARKETING_VERSION = 1.1.0;
				PRODUCT_BUNDLE_IDENTIFIER = com.blorenzo.coffeeshop;
				PRODUCT_NAME = "$(TARGET_NAME)";
				SUPPORTED_PLATFORMS = "iphoneos iphonesimulator";
				SUPPORTS_MACCATALYST = NO;
				SUPPORTS_MAC_DESIGNED_FOR_IPHONE_IPAD = NO;
				SUPPORTS_XR_DESIGNED_FOR_IPHONE_IPAD = NO;
				SWIFT_EMIT_LOC_STRINGS = YES;
				SWIFT_VERSION = 5.0;
				TARGETED_DEVICE_FAMILY = 1;
			};
			name = Release;
		};
		BC77615F2B7107540042FDB2 /* Debug */ = {
			isa = XCBuildConfiguration;
			buildSettings = {
				CODE_SIGN_STYLE = Automatic;
				CURRENT_PROJECT_VERSION = 1;
				DEVELOPMENT_TEAM = "";
				GENERATE_INFOPLIST_FILE = YES;
				MARKETING_VERSION = 1.0;
				PRODUCT_BUNDLE_IDENTIFIER = com.blorenzo.CoffeeShopAppUITests;
				PRODUCT_NAME = "$(TARGET_NAME)";
				SWIFT_EMIT_LOC_STRINGS = NO;
				SWIFT_VERSION = 5.0;
				TARGETED_DEVICE_FAMILY = "1,2";
				TEST_TARGET_NAME = "Coffee Shop App";
			};
			name = Debug;
		};
		BC7761602B7107540042FDB2 /* Release */ = {
			isa = XCBuildConfiguration;
			buildSettings = {
				CODE_SIGN_STYLE = Automatic;
				CURRENT_PROJECT_VERSION = 1;
				DEVELOPMENT_TEAM = "";
				GENERATE_INFOPLIST_FILE = YES;
				MARKETING_VERSION = 1.0;
				PRODUCT_BUNDLE_IDENTIFIER = com.blorenzo.CoffeeShopAppUITests;
				PRODUCT_NAME = "$(TARGET_NAME)";
				SWIFT_EMIT_LOC_STRINGS = NO;
				SWIFT_VERSION = 5.0;
				TARGETED_DEVICE_FAMILY = "1,2";
				TEST_TARGET_NAME = "Coffee Shop App";
			};
			name = Release;
		};
		BCA5750B2A5CCFBF0029ECB1 /* Debug */ = {
			isa = XCBuildConfiguration;
			buildSettings = {
				ASSETCATALOG_COMPILER_ALTERNATE_APPICON_NAMES = "";
				ASSETCATALOG_COMPILER_GLOBAL_ACCENT_COLOR_NAME = AccentColor;
				ASSETCATALOG_COMPILER_WIDGET_BACKGROUND_COLOR_NAME = WidgetBackground;
				CODE_SIGN_STYLE = Automatic;
				CURRENT_PROJECT_VERSION = 1;
				DEVELOPMENT_TEAM = CTS5987F4Q;
				GENERATE_INFOPLIST_FILE = NO;
				INFOPLIST_FILE = "Coffee Shop Widget/Resources/Info.plist";
				INFOPLIST_KEY_CFBundleDisplayName = "Coffee Shop Widget";
				INFOPLIST_KEY_NSHumanReadableCopyright = "";
				INFOPLIST_KEY_NSSupportsLiveActivities = YES;
				LD_RUNPATH_SEARCH_PATHS = (
					"$(inherited)",
					"@executable_path/Frameworks",
					"@executable_path/../../Frameworks",
				);
				MARKETING_VERSION = 1.0;
				PRODUCT_BUNDLE_IDENTIFIER = com.blorenzo.coffeeshop.widget;
				PRODUCT_NAME = "$(TARGET_NAME)";
				SKIP_INSTALL = YES;
				SWIFT_EMIT_LOC_STRINGS = YES;
				SWIFT_VERSION = 5.0;
				TARGETED_DEVICE_FAMILY = "1,2";
			};
			name = Debug;
		};
		BCA5750C2A5CCFBF0029ECB1 /* Release */ = {
			isa = XCBuildConfiguration;
			buildSettings = {
				ASSETCATALOG_COMPILER_ALTERNATE_APPICON_NAMES = "";
				ASSETCATALOG_COMPILER_GLOBAL_ACCENT_COLOR_NAME = AccentColor;
				ASSETCATALOG_COMPILER_WIDGET_BACKGROUND_COLOR_NAME = WidgetBackground;
				CODE_SIGN_STYLE = Automatic;
				CURRENT_PROJECT_VERSION = 1;
				DEVELOPMENT_TEAM = CTS5987F4Q;
				GENERATE_INFOPLIST_FILE = NO;
				INFOPLIST_FILE = "Coffee Shop Widget/Resources/Info.plist";
				INFOPLIST_KEY_CFBundleDisplayName = "Coffee Shop Widget";
				INFOPLIST_KEY_NSHumanReadableCopyright = "";
				INFOPLIST_KEY_NSSupportsLiveActivities = YES;
				LD_RUNPATH_SEARCH_PATHS = (
					"$(inherited)",
					"@executable_path/Frameworks",
					"@executable_path/../../Frameworks",
				);
				MARKETING_VERSION = 1.0;
				PRODUCT_BUNDLE_IDENTIFIER = com.blorenzo.coffeeshop.widget;
				PRODUCT_NAME = "$(TARGET_NAME)";
				SKIP_INSTALL = YES;
				SWIFT_EMIT_LOC_STRINGS = YES;
				SWIFT_VERSION = 5.0;
				TARGETED_DEVICE_FAMILY = "1,2";
			};
			name = Release;
		};
		BCFF503B2B6699A400011A7A /* Debug */ = {
			isa = XCBuildConfiguration;
			buildSettings = {
				BUNDLE_LOADER = "$(TEST_HOST)";
				CODE_SIGN_STYLE = Automatic;
				CURRENT_PROJECT_VERSION = 1;
				GENERATE_INFOPLIST_FILE = YES;
				MARKETING_VERSION = 1.0;
				PRODUCT_BUNDLE_IDENTIFIER = com.blorenzo.CoffeeShopAppTests;
				PRODUCT_NAME = "$(TARGET_NAME)";
				SWIFT_EMIT_LOC_STRINGS = NO;
				SWIFT_VERSION = 5.0;
				TARGETED_DEVICE_FAMILY = "1,2";
				TEST_HOST = "$(BUILT_PRODUCTS_DIR)/Coffee Shop App.app/$(BUNDLE_EXECUTABLE_FOLDER_PATH)/Coffee Shop App";
			};
			name = Debug;
		};
		BCFF503C2B6699A400011A7A /* Release */ = {
			isa = XCBuildConfiguration;
			buildSettings = {
				BUNDLE_LOADER = "$(TEST_HOST)";
				CODE_SIGN_STYLE = Automatic;
				CURRENT_PROJECT_VERSION = 1;
				GENERATE_INFOPLIST_FILE = YES;
				MARKETING_VERSION = 1.0;
				PRODUCT_BUNDLE_IDENTIFIER = com.blorenzo.CoffeeShopAppTests;
				PRODUCT_NAME = "$(TARGET_NAME)";
				SWIFT_EMIT_LOC_STRINGS = NO;
				SWIFT_VERSION = 5.0;
				TARGETED_DEVICE_FAMILY = "1,2";
				TEST_HOST = "$(BUILT_PRODUCTS_DIR)/Coffee Shop App.app/$(BUNDLE_EXECUTABLE_FOLDER_PATH)/Coffee Shop App";
			};
			name = Release;
		};
/* End XCBuildConfiguration section */

/* Begin XCConfigurationList section */
		BC6C772D2A48DAE80012E96F /* Build configuration list for PBXProject "coffee-shop-demo" */ = {
			isa = XCConfigurationList;
			buildConfigurations = (
				BC6C773E2A48DAE90012E96F /* Debug */,
				BC6C773F2A48DAE90012E96F /* Release */,
			);
			defaultConfigurationIsVisible = 0;
			defaultConfigurationName = Release;
		};
		BC6C77402A48DAE90012E96F /* Build configuration list for PBXNativeTarget "Coffee Shop App" */ = {
			isa = XCConfigurationList;
			buildConfigurations = (
				BC6C77412A48DAE90012E96F /* Debug */,
				BC6C77422A48DAE90012E96F /* Release */,
			);
			defaultConfigurationIsVisible = 0;
			defaultConfigurationName = Release;
		};
		BC7761612B7107540042FDB2 /* Build configuration list for PBXNativeTarget "CoffeeShopAppUITests" */ = {
			isa = XCConfigurationList;
			buildConfigurations = (
				BC77615F2B7107540042FDB2 /* Debug */,
				BC7761602B7107540042FDB2 /* Release */,
			);
			defaultConfigurationIsVisible = 0;
			defaultConfigurationName = Release;
		};
		BCA5750A2A5CCFBF0029ECB1 /* Build configuration list for PBXNativeTarget "Coffee Shop WidgetExtension" */ = {
			isa = XCConfigurationList;
			buildConfigurations = (
				BCA5750B2A5CCFBF0029ECB1 /* Debug */,
				BCA5750C2A5CCFBF0029ECB1 /* Release */,
			);
			defaultConfigurationIsVisible = 0;
			defaultConfigurationName = Release;
		};
		BCFF503D2B6699A400011A7A /* Build configuration list for PBXNativeTarget "CoffeeShopAppTests" */ = {
			isa = XCConfigurationList;
			buildConfigurations = (
				BCFF503B2B6699A400011A7A /* Debug */,
				BCFF503C2B6699A400011A7A /* Release */,
			);
			defaultConfigurationIsVisible = 0;
			defaultConfigurationName = Release;
		};
/* End XCConfigurationList section */

/* Begin XCRemoteSwiftPackageReference section */
		BC1178522B929D6D001C3CE0 /* XCRemoteSwiftPackageReference "swift-openapi-runtime" */ = {
			isa = XCRemoteSwiftPackageReference;
			repositoryURL = "https://github.com/apple/swift-openapi-runtime";
			requirement = {
				kind = upToNextMinorVersion;
				minimumVersion = 1.3.2;
			};
		};
		BC1178552B929DCD001C3CE0 /* XCRemoteSwiftPackageReference "swift-openapi-urlsession" */ = {
			isa = XCRemoteSwiftPackageReference;
			repositoryURL = "https://github.com/apple/swift-openapi-urlsession";
			requirement = {
				kind = upToNextMinorVersion;
				minimumVersion = 1.0.1;
			};
		};
		BC11785E2B92A0CF001C3CE0 /* XCRemoteSwiftPackageReference "swift-openapi-generator" */ = {
			isa = XCRemoteSwiftPackageReference;
			repositoryURL = "https://github.com/apple/swift-openapi-generator";
			requirement = {
				kind = upToNextMinorVersion;
				minimumVersion = 1.2.1;
			};
		};
		BCE282CD2B474D5C009E4AA5 /* XCRemoteSwiftPackageReference "hklogger" */ = {
			isa = XCRemoteSwiftPackageReference;
			repositoryURL = "https://github.com/Houlak/hklogger";
			requirement = {
				kind = upToNextMajorVersion;
				minimumVersion = 1.0.0;
			};
		};
/* End XCRemoteSwiftPackageReference section */

/* Begin XCSwiftPackageProductDependency section */
		BC1178532B929D6D001C3CE0 /* OpenAPIRuntime */ = {
			isa = XCSwiftPackageProductDependency;
			package = BC1178522B929D6D001C3CE0 /* XCRemoteSwiftPackageReference "swift-openapi-runtime" */;
			productName = OpenAPIRuntime;
		};
		BC1178562B929DCD001C3CE0 /* OpenAPIURLSession */ = {
			isa = XCSwiftPackageProductDependency;
			package = BC1178552B929DCD001C3CE0 /* XCRemoteSwiftPackageReference "swift-openapi-urlsession" */;
			productName = OpenAPIURLSession;
		};
		BC190FE42BB2F70500E0462E /* OpenAPIGenerator */ = {
			isa = XCSwiftPackageProductDependency;
			package = BC11785E2B92A0CF001C3CE0 /* XCRemoteSwiftPackageReference "swift-openapi-generator" */;
			productName = "plugin:OpenAPIGenerator";
		};
		BCE282CE2B474D5C009E4AA5 /* HKLogger */ = {
			isa = XCSwiftPackageProductDependency;
			package = BCE282CD2B474D5C009E4AA5 /* XCRemoteSwiftPackageReference "hklogger" */;
			productName = HKLogger;
		};
		BCE282D02B474D6D009E4AA5 /* HKLogger */ = {
			isa = XCSwiftPackageProductDependency;
			package = BCE282CD2B474D5C009E4AA5 /* XCRemoteSwiftPackageReference "hklogger" */;
			productName = HKLogger;
		};
/* End XCSwiftPackageProductDependency section */
	};
	rootObject = BC6C772A2A48DAE80012E96F /* Project object */;
}
